// !$*UTF8*$!
{
	archiveVersion = 1;
	classes = {
	};
	objectVersion = 46;
	objects = {

/* Begin PBXBuildFile section */
		0F03F9671EEFC308003D5B94 /* NewMain.storyboard in Resources */ = {isa = PBXBuildFile; fileRef = 0F03F9661EEFC308003D5B94 /* NewMain.storyboard */; };
		0F03F96A1EEFE8B9003D5B94 /* TestMenuBarController.swift in Sources */ = {isa = PBXBuildFile; fileRef = 0F03F9691EEFE8B9003D5B94 /* TestMenuBarController.swift */; };
		0F03F96C1EEFF058003D5B94 /* TestListTeleponController.swift in Sources */ = {isa = PBXBuildFile; fileRef = 0F03F96B1EEFF058003D5B94 /* TestListTeleponController.swift */; };
		0F03F96E1EEFF126003D5B94 /* TestListPhoneCell.swift in Sources */ = {isa = PBXBuildFile; fileRef = 0F03F96D1EEFF126003D5B94 /* TestListPhoneCell.swift */; };
		0F03F9701EEFF2AC003D5B94 /* TestListChatController.swift in Sources */ = {isa = PBXBuildFile; fileRef = 0F03F96F1EEFF2AC003D5B94 /* TestListChatController.swift */; };
		0F03F9721EEFF33B003D5B94 /* TestListChatCell.swift in Sources */ = {isa = PBXBuildFile; fileRef = 0F03F9711EEFF33B003D5B94 /* TestListChatCell.swift */; };
		0F03F9741EEFF488003D5B94 /* TestListKontakController.swift in Sources */ = {isa = PBXBuildFile; fileRef = 0F03F9731EEFF488003D5B94 /* TestListKontakController.swift */; };
		0F03F9761EEFF4DC003D5B94 /* TestListKontakCell.swift in Sources */ = {isa = PBXBuildFile; fileRef = 0F03F9751EEFF4DC003D5B94 /* TestListKontakCell.swift */; };
		0F0B83B51EF11331009E8B31 /* TestDetailChatController.swift in Sources */ = {isa = PBXBuildFile; fileRef = 0F0B83B41EF11331009E8B31 /* TestDetailChatController.swift */; };
		0F0B83B71EF11CB3009E8B31 /* TestDetailChatCell.swift in Sources */ = {isa = PBXBuildFile; fileRef = 0F0B83B61EF11CB3009E8B31 /* TestDetailChatCell.swift */; };
		0F1E2E061EE9379700B1D43E /* AddGroupController.swift in Sources */ = {isa = PBXBuildFile; fileRef = 0F1E2E051EE9379700B1D43E /* AddGroupController.swift */; };
		0F1E2E081EE9389200B1D43E /* ParticipantCell.swift in Sources */ = {isa = PBXBuildFile; fileRef = 0F1E2E071EE9389200B1D43E /* ParticipantCell.swift */; };
		0F2324971EDBEB3800C73BFD /* LoginController.swift in Sources */ = {isa = PBXBuildFile; fileRef = 0F2324961EDBEB3800C73BFD /* LoginController.swift */; };
		0F5688981EE5309E00F1B408 /* SelectKontakController.swift in Sources */ = {isa = PBXBuildFile; fileRef = 0F5688971EE5309E00F1B408 /* SelectKontakController.swift */; };
		0F56889A1EE5313700F1B408 /* SelectKontakCell.swift in Sources */ = {isa = PBXBuildFile; fileRef = 0F5688991EE5313700F1B408 /* SelectKontakCell.swift */; };
		0F5AE2ED1EF4E72C00B91B9E /* TestKontakHeaderCell.swift in Sources */ = {isa = PBXBuildFile; fileRef = 0F5AE2EC1EF4E72C00B91B9E /* TestKontakHeaderCell.swift */; };
		0F5AE2EF1EF511DD00B91B9E /* TestPopUpUbahDataController.swift in Sources */ = {isa = PBXBuildFile; fileRef = 0F5AE2EE1EF511DD00B91B9E /* TestPopUpUbahDataController.swift */; };
		0F98E3231EF8D7360094EF68 /* CloudKit.framework in Frameworks */ = {isa = PBXBuildFile; fileRef = 0F98E3221EF8D7360094EF68 /* CloudKit.framework */; };
		0FBF3FAF1EE02406009D41D9 /* SplashScreenController.swift in Sources */ = {isa = PBXBuildFile; fileRef = 0FBF3FAE1EE02406009D41D9 /* SplashScreenController.swift */; };
		0FC47E341EE2AFA900311B5B /* LoginWithStoreController.swift in Sources */ = {isa = PBXBuildFile; fileRef = 0FC47E331EE2AFA900311B5B /* LoginWithStoreController.swift */; };
		0FC5594C1EDD2616002F810A /* MasukController.swift in Sources */ = {isa = PBXBuildFile; fileRef = 0FC5594B1EDD2616002F810A /* MasukController.swift */; };
		0FCF30CA1EF23F8100CFF78B /* TestWritePostController.swift in Sources */ = {isa = PBXBuildFile; fileRef = 0FCF30C91EF23F8100CFF78B /* TestWritePostController.swift */; };
		0FCF30CC1EF2663100CFF78B /* TestPopUpKomentarController.swift in Sources */ = {isa = PBXBuildFile; fileRef = 0FCF30CB1EF2663100CFF78B /* TestPopUpKomentarController.swift */; };
		0FCF30CE1EF2686B00CFF78B /* TestHomeController.swift in Sources */ = {isa = PBXBuildFile; fileRef = 0FCF30CD1EF2686B00CFF78B /* TestHomeController.swift */; };
		0FCF30D01EF2768400CFF78B /* TestTimelineCell.swift in Sources */ = {isa = PBXBuildFile; fileRef = 0FCF30CF1EF2768400CFF78B /* TestTimelineCell.swift */; };
		0FCF30D21EF2771D00CFF78B /* TestCommentCell.swift in Sources */ = {isa = PBXBuildFile; fileRef = 0FCF30D11EF2771D00CFF78B /* TestCommentCell.swift */; };
		0FCF30D41EF282BB00CFF78B /* TestProfilController.swift in Sources */ = {isa = PBXBuildFile; fileRef = 0FCF30D31EF282BB00CFF78B /* TestProfilController.swift */; };
		0FE909311ED569B80005B2DD /* DialCodeCell.swift in Sources */ = {isa = PBXBuildFile; fileRef = 0FE909301ED569B80005B2DD /* DialCodeCell.swift */; };
		0FE909331ED569FA0005B2DD /* ListDialController.swift in Sources */ = {isa = PBXBuildFile; fileRef = 0FE909321ED569FA0005B2DD /* ListDialController.swift */; };
		18FF7A09FCD34A20C07151E8 /* Pods_Caryta_Messenger.framework in Frameworks */ = {isa = PBXBuildFile; fileRef = 2BB4AD999016DB7E9C2615C2 /* Pods_Caryta_Messenger.framework */; };
		6512CC38CFFF11887C9B9A61 /* Pods_Caryta_MessengerUITests.framework in Frameworks */ = {isa = PBXBuildFile; fileRef = A4ECE9C80025954618005CCC /* Pods_Caryta_MessengerUITests.framework */; };
		7B2AFB151ECD4F48007033C5 /* ListKontakController.swift in Sources */ = {isa = PBXBuildFile; fileRef = 7B2AFB141ECD4F48007033C5 /* ListKontakController.swift */; };
		7B2AFB171ECD56EB007033C5 /* ListKontakCell.swift in Sources */ = {isa = PBXBuildFile; fileRef = 7B2AFB161ECD56EB007033C5 /* ListKontakCell.swift */; };
		7B2AFB1A1ECD81E4007033C5 /* AudioToolbox.framework in Frameworks */ = {isa = PBXBuildFile; fileRef = 7B2AFB191ECD81E4007033C5 /* AudioToolbox.framework */; };
		7B2AFB1D1ECD8AF2007033C5 /* ListNewsController.swift in Sources */ = {isa = PBXBuildFile; fileRef = 7B2AFB1C1ECD8AF2007033C5 /* ListNewsController.swift */; };
		7B2AFB211ECD9D2C007033C5 /* NavigationSettingController.swift in Sources */ = {isa = PBXBuildFile; fileRef = 7B2AFB201ECD9D2C007033C5 /* NavigationSettingController.swift */; };
		7B55523B1ECA93B700D50B4D /* AppDelegate.swift in Sources */ = {isa = PBXBuildFile; fileRef = 7B55523A1ECA93B700D50B4D /* AppDelegate.swift */; };
		7B5552401ECA93B700D50B4D /* Main.storyboard in Resources */ = {isa = PBXBuildFile; fileRef = 7B55523E1ECA93B700D50B4D /* Main.storyboard */; };
		7B5552421ECA93B700D50B4D /* Assets.xcassets in Resources */ = {isa = PBXBuildFile; fileRef = 7B5552411ECA93B700D50B4D /* Assets.xcassets */; };
		7B5552451ECA93B700D50B4D /* LaunchScreen.storyboard in Resources */ = {isa = PBXBuildFile; fileRef = 7B5552431ECA93B700D50B4D /* LaunchScreen.storyboard */; };
		7B5552501ECA93B700D50B4D /* Caryta_MessengerTests.swift in Sources */ = {isa = PBXBuildFile; fileRef = 7B55524F1ECA93B700D50B4D /* Caryta_MessengerTests.swift */; };
		7B55525B1ECA93B700D50B4D /* Caryta_MessengerUITests.swift in Sources */ = {isa = PBXBuildFile; fileRef = 7B55525A1ECA93B700D50B4D /* Caryta_MessengerUITests.swift */; };
		7B5552691ECAB9FA00D50B4D /* ListChatController.swift in Sources */ = {isa = PBXBuildFile; fileRef = 7B5552681ECAB9FA00D50B4D /* ListChatController.swift */; };
		7B55526C1ECABA4600D50B4D /* ListChatCell.swift in Sources */ = {isa = PBXBuildFile; fileRef = 7B55526B1ECABA4600D50B4D /* ListChatCell.swift */; };
		7B55526E1ECAD65900D50B4D /* MenuBarController.swift in Sources */ = {isa = PBXBuildFile; fileRef = 7B55526D1ECAD65900D50B4D /* MenuBarController.swift */; };
		7B5552751ECAE84E00D50B4D /* ListTeleponController.swift in Sources */ = {isa = PBXBuildFile; fileRef = 7B5552741ECAE84E00D50B4D /* ListTeleponController.swift */; };
		7B5552771ECAE99600D50B4D /* ListTeleponCell.swift in Sources */ = {isa = PBXBuildFile; fileRef = 7B5552761ECAE99600D50B4D /* ListTeleponCell.swift */; };
		7B55527A1ECB044100D50B4D /* MainSettingController.swift in Sources */ = {isa = PBXBuildFile; fileRef = 7B5552791ECB044100D50B4D /* MainSettingController.swift */; };
		7B8C3D8E1ECEAB8D009EEAE9 /* GantiNomorController.swift in Sources */ = {isa = PBXBuildFile; fileRef = 7B8C3D8D1ECEAB8D009EEAE9 /* GantiNomorController.swift */; };
		7BB371081ECC052F005B1B64 /* UIView+Borders.swift in Sources */ = {isa = PBXBuildFile; fileRef = 7BB371071ECC052F005B1B64 /* UIView+Borders.swift */; };
		7BB3710A1ECC2866005B1B64 /* EditProfilController.swift in Sources */ = {isa = PBXBuildFile; fileRef = 7BB371091ECC2866005B1B64 /* EditProfilController.swift */; };
		7BB3710C1ECC86BC005B1B64 /* DetailChatController.swift in Sources */ = {isa = PBXBuildFile; fileRef = 7BB3710B1ECC86BC005B1B64 /* DetailChatController.swift */; };
		7BB3710E1ECC8709005B1B64 /* ChatCell.swift in Sources */ = {isa = PBXBuildFile; fileRef = 7BB3710D1ECC8709005B1B64 /* ChatCell.swift */; };
		7BB371111ECC8AE7005B1B64 /* DetailKontakController.swift in Sources */ = {isa = PBXBuildFile; fileRef = 7BB371101ECC8AE7005B1B64 /* DetailKontakController.swift */; };
		7BD283C01ED014F40009F755 /* GoogleService-Info.plist in Resources */ = {isa = PBXBuildFile; fileRef = 7BD283BF1ED014F40009F755 /* GoogleService-Info.plist */; };
		7BF924461ED2A48200F89183 /* VerifCodeController.swift in Sources */ = {isa = PBXBuildFile; fileRef = 7BF924451ED2A48200F89183 /* VerifCodeController.swift */; };
		7BF924481ED2C19000F89183 /* LoginRegisController.swift in Sources */ = {isa = PBXBuildFile; fileRef = 7BF924471ED2C19000F89183 /* LoginRegisController.swift */; };
		7BF9244E1ED2CFEA00F89183 /* model.swift in Sources */ = {isa = PBXBuildFile; fileRef = 7BF9244D1ED2CFEA00F89183 /* model.swift */; };
		7BF924501ED2D06B00F89183 /* Global.swift in Sources */ = {isa = PBXBuildFile; fileRef = 7BF9244F1ED2D06B00F89183 /* Global.swift */; };
		7BF924521ED2E0B900F89183 /* TimelineCell.swift in Sources */ = {isa = PBXBuildFile; fileRef = 7BF924511ED2E0B900F89183 /* TimelineCell.swift */; };
		7BF924541ED3013C00F89183 /* CommentController.swift in Sources */ = {isa = PBXBuildFile; fileRef = 7BF924531ED3013C00F89183 /* CommentController.swift */; };
		A93623FF152921F13A92C992 /* Pods_Caryta_MessengerTests.framework in Frameworks */ = {isa = PBXBuildFile; fileRef = AFAF9241DD79593FDE75D9C9 /* Pods_Caryta_MessengerTests.framework */; };
/* End PBXBuildFile section */

/* Begin PBXContainerItemProxy section */
		7B55524C1ECA93B700D50B4D /* PBXContainerItemProxy */ = {
			isa = PBXContainerItemProxy;
			containerPortal = 7B55522F1ECA93B700D50B4D /* Project object */;
			proxyType = 1;
			remoteGlobalIDString = 7B5552361ECA93B700D50B4D;
			remoteInfo = "Caryta Messenger";
		};
		7B5552571ECA93B700D50B4D /* PBXContainerItemProxy */ = {
			isa = PBXContainerItemProxy;
			containerPortal = 7B55522F1ECA93B700D50B4D /* Project object */;
			proxyType = 1;
			remoteGlobalIDString = 7B5552361ECA93B700D50B4D;
			remoteInfo = "Caryta Messenger";
		};
/* End PBXContainerItemProxy section */

/* Begin PBXFileReference section */
		0F03F9661EEFC308003D5B94 /* NewMain.storyboard */ = {isa = PBXFileReference; fileEncoding = 4; lastKnownFileType = file.storyboard; path = NewMain.storyboard; sourceTree = "<group>"; };
		0F03F9691EEFE8B9003D5B94 /* TestMenuBarController.swift */ = {isa = PBXFileReference; fileEncoding = 4; lastKnownFileType = sourcecode.swift; path = TestMenuBarController.swift; sourceTree = "<group>"; };
		0F03F96B1EEFF058003D5B94 /* TestListTeleponController.swift */ = {isa = PBXFileReference; fileEncoding = 4; lastKnownFileType = sourcecode.swift; path = TestListTeleponController.swift; sourceTree = "<group>"; };
		0F03F96D1EEFF126003D5B94 /* TestListPhoneCell.swift */ = {isa = PBXFileReference; fileEncoding = 4; lastKnownFileType = sourcecode.swift; path = TestListPhoneCell.swift; sourceTree = "<group>"; };
		0F03F96F1EEFF2AC003D5B94 /* TestListChatController.swift */ = {isa = PBXFileReference; fileEncoding = 4; lastKnownFileType = sourcecode.swift; path = TestListChatController.swift; sourceTree = "<group>"; };
		0F03F9711EEFF33B003D5B94 /* TestListChatCell.swift */ = {isa = PBXFileReference; fileEncoding = 4; lastKnownFileType = sourcecode.swift; path = TestListChatCell.swift; sourceTree = "<group>"; };
		0F03F9731EEFF488003D5B94 /* TestListKontakController.swift */ = {isa = PBXFileReference; fileEncoding = 4; lastKnownFileType = sourcecode.swift; path = TestListKontakController.swift; sourceTree = "<group>"; };
		0F03F9751EEFF4DC003D5B94 /* TestListKontakCell.swift */ = {isa = PBXFileReference; fileEncoding = 4; lastKnownFileType = sourcecode.swift; path = TestListKontakCell.swift; sourceTree = "<group>"; };
		0F0B83B41EF11331009E8B31 /* TestDetailChatController.swift */ = {isa = PBXFileReference; fileEncoding = 4; lastKnownFileType = sourcecode.swift; path = TestDetailChatController.swift; sourceTree = "<group>"; };
		0F0B83B61EF11CB3009E8B31 /* TestDetailChatCell.swift */ = {isa = PBXFileReference; fileEncoding = 4; lastKnownFileType = sourcecode.swift; path = TestDetailChatCell.swift; sourceTree = "<group>"; };
		0F1E2E051EE9379700B1D43E /* AddGroupController.swift */ = {isa = PBXFileReference; fileEncoding = 4; lastKnownFileType = sourcecode.swift; path = AddGroupController.swift; sourceTree = "<group>"; };
		0F1E2E071EE9389200B1D43E /* ParticipantCell.swift */ = {isa = PBXFileReference; fileEncoding = 4; lastKnownFileType = sourcecode.swift; path = ParticipantCell.swift; sourceTree = "<group>"; };
		0F2324961EDBEB3800C73BFD /* LoginController.swift */ = {isa = PBXFileReference; fileEncoding = 4; lastKnownFileType = sourcecode.swift; path = LoginController.swift; sourceTree = "<group>"; };
		0F5688971EE5309E00F1B408 /* SelectKontakController.swift */ = {isa = PBXFileReference; fileEncoding = 4; lastKnownFileType = sourcecode.swift; path = SelectKontakController.swift; sourceTree = "<group>"; };
		0F5688991EE5313700F1B408 /* SelectKontakCell.swift */ = {isa = PBXFileReference; fileEncoding = 4; lastKnownFileType = sourcecode.swift; path = SelectKontakCell.swift; sourceTree = "<group>"; };
		0F5AE2EC1EF4E72C00B91B9E /* TestKontakHeaderCell.swift */ = {isa = PBXFileReference; fileEncoding = 4; lastKnownFileType = sourcecode.swift; path = TestKontakHeaderCell.swift; sourceTree = "<group>"; };
		0F5AE2EE1EF511DD00B91B9E /* TestPopUpUbahDataController.swift */ = {isa = PBXFileReference; fileEncoding = 4; lastKnownFileType = sourcecode.swift; path = TestPopUpUbahDataController.swift; sourceTree = "<group>"; };
		0F8526001EEE49EC00FAC280 /* Caryta Messenger-Bridging-Header.h */ = {isa = PBXFileReference; lastKnownFileType = sourcecode.c.h; path = "Caryta Messenger-Bridging-Header.h"; sourceTree = "<group>"; };
		0F98E3221EF8D7360094EF68 /* CloudKit.framework */ = {isa = PBXFileReference; lastKnownFileType = wrapper.framework; name = CloudKit.framework; path = System/Library/Frameworks/CloudKit.framework; sourceTree = SDKROOT; };
		0FBF3FAE1EE02406009D41D9 /* SplashScreenController.swift */ = {isa = PBXFileReference; fileEncoding = 4; lastKnownFileType = sourcecode.swift; path = SplashScreenController.swift; sourceTree = "<group>"; };
		0FC47E331EE2AFA900311B5B /* LoginWithStoreController.swift */ = {isa = PBXFileReference; fileEncoding = 4; lastKnownFileType = sourcecode.swift; path = LoginWithStoreController.swift; sourceTree = "<group>"; };
		0FC5594B1EDD2616002F810A /* MasukController.swift */ = {isa = PBXFileReference; fileEncoding = 4; lastKnownFileType = sourcecode.swift; path = MasukController.swift; sourceTree = "<group>"; };
		0FCF30C91EF23F8100CFF78B /* TestWritePostController.swift */ = {isa = PBXFileReference; fileEncoding = 4; lastKnownFileType = sourcecode.swift; path = TestWritePostController.swift; sourceTree = "<group>"; };
		0FCF30CB1EF2663100CFF78B /* TestPopUpKomentarController.swift */ = {isa = PBXFileReference; fileEncoding = 4; lastKnownFileType = sourcecode.swift; path = TestPopUpKomentarController.swift; sourceTree = "<group>"; };
		0FCF30CD1EF2686B00CFF78B /* TestHomeController.swift */ = {isa = PBXFileReference; fileEncoding = 4; lastKnownFileType = sourcecode.swift; path = TestHomeController.swift; sourceTree = "<group>"; };
		0FCF30CF1EF2768400CFF78B /* TestTimelineCell.swift */ = {isa = PBXFileReference; fileEncoding = 4; lastKnownFileType = sourcecode.swift; path = TestTimelineCell.swift; sourceTree = "<group>"; };
		0FCF30D11EF2771D00CFF78B /* TestCommentCell.swift */ = {isa = PBXFileReference; fileEncoding = 4; lastKnownFileType = sourcecode.swift; path = TestCommentCell.swift; sourceTree = "<group>"; };
		0FCF30D31EF282BB00CFF78B /* TestProfilController.swift */ = {isa = PBXFileReference; fileEncoding = 4; lastKnownFileType = sourcecode.swift; path = TestProfilController.swift; sourceTree = "<group>"; };
		0FE909301ED569B80005B2DD /* DialCodeCell.swift */ = {isa = PBXFileReference; fileEncoding = 4; lastKnownFileType = sourcecode.swift; path = DialCodeCell.swift; sourceTree = "<group>"; };
		0FE909321ED569FA0005B2DD /* ListDialController.swift */ = {isa = PBXFileReference; fileEncoding = 4; lastKnownFileType = sourcecode.swift; path = ListDialController.swift; sourceTree = "<group>"; };
		2BB4AD999016DB7E9C2615C2 /* Pods_Caryta_Messenger.framework */ = {isa = PBXFileReference; explicitFileType = wrapper.framework; includeInIndex = 0; path = Pods_Caryta_Messenger.framework; sourceTree = BUILT_PRODUCTS_DIR; };
		61F21453F4B8E8EB59DBBC34 /* Pods-Caryta MessengerTests.debug.xcconfig */ = {isa = PBXFileReference; includeInIndex = 1; lastKnownFileType = text.xcconfig; name = "Pods-Caryta MessengerTests.debug.xcconfig"; path = "Pods/Target Support Files/Pods-Caryta MessengerTests/Pods-Caryta MessengerTests.debug.xcconfig"; sourceTree = "<group>"; };
		6E67553789C3A38D9F44BB72 /* Pods-Caryta Messenger.debug.xcconfig */ = {isa = PBXFileReference; includeInIndex = 1; lastKnownFileType = text.xcconfig; name = "Pods-Caryta Messenger.debug.xcconfig"; path = "Pods/Target Support Files/Pods-Caryta Messenger/Pods-Caryta Messenger.debug.xcconfig"; sourceTree = "<group>"; };
		7B2AFB141ECD4F48007033C5 /* ListKontakController.swift */ = {isa = PBXFileReference; fileEncoding = 4; lastKnownFileType = sourcecode.swift; path = ListKontakController.swift; sourceTree = "<group>"; };
		7B2AFB161ECD56EB007033C5 /* ListKontakCell.swift */ = {isa = PBXFileReference; fileEncoding = 4; lastKnownFileType = sourcecode.swift; path = ListKontakCell.swift; sourceTree = "<group>"; };
		7B2AFB181ECD7579007033C5 /* Caryta Messenger.entitlements */ = {isa = PBXFileReference; lastKnownFileType = text.plist.entitlements; path = "Caryta Messenger.entitlements"; sourceTree = "<group>"; };
		7B2AFB191ECD81E4007033C5 /* AudioToolbox.framework */ = {isa = PBXFileReference; lastKnownFileType = wrapper.framework; name = AudioToolbox.framework; path = System/Library/Frameworks/AudioToolbox.framework; sourceTree = SDKROOT; };
		7B2AFB1C1ECD8AF2007033C5 /* ListNewsController.swift */ = {isa = PBXFileReference; fileEncoding = 4; lastKnownFileType = sourcecode.swift; path = ListNewsController.swift; sourceTree = "<group>"; };
		7B2AFB201ECD9D2C007033C5 /* NavigationSettingController.swift */ = {isa = PBXFileReference; fileEncoding = 4; lastKnownFileType = sourcecode.swift; path = NavigationSettingController.swift; sourceTree = "<group>"; };
		7B5552371ECA93B700D50B4D /* Caryta Messenger.app */ = {isa = PBXFileReference; explicitFileType = wrapper.application; includeInIndex = 0; path = "Caryta Messenger.app"; sourceTree = BUILT_PRODUCTS_DIR; };
		7B55523A1ECA93B700D50B4D /* AppDelegate.swift */ = {isa = PBXFileReference; lastKnownFileType = sourcecode.swift; path = AppDelegate.swift; sourceTree = "<group>"; };
		7B55523F1ECA93B700D50B4D /* Base */ = {isa = PBXFileReference; lastKnownFileType = file.storyboard; name = Base; path = Base.lproj/Main.storyboard; sourceTree = "<group>"; };
		7B5552411ECA93B700D50B4D /* Assets.xcassets */ = {isa = PBXFileReference; lastKnownFileType = folder.assetcatalog; path = Assets.xcassets; sourceTree = "<group>"; };
		7B5552441ECA93B700D50B4D /* Base */ = {isa = PBXFileReference; lastKnownFileType = file.storyboard; name = Base; path = Base.lproj/LaunchScreen.storyboard; sourceTree = "<group>"; };
		7B5552461ECA93B700D50B4D /* Info.plist */ = {isa = PBXFileReference; lastKnownFileType = text.plist.xml; path = Info.plist; sourceTree = "<group>"; };
		7B55524B1ECA93B700D50B4D /* Caryta MessengerTests.xctest */ = {isa = PBXFileReference; explicitFileType = wrapper.cfbundle; includeInIndex = 0; path = "Caryta MessengerTests.xctest"; sourceTree = BUILT_PRODUCTS_DIR; };
		7B55524F1ECA93B700D50B4D /* Caryta_MessengerTests.swift */ = {isa = PBXFileReference; lastKnownFileType = sourcecode.swift; path = Caryta_MessengerTests.swift; sourceTree = "<group>"; };
		7B5552511ECA93B700D50B4D /* Info.plist */ = {isa = PBXFileReference; lastKnownFileType = text.plist.xml; path = Info.plist; sourceTree = "<group>"; };
		7B5552561ECA93B700D50B4D /* Caryta MessengerUITests.xctest */ = {isa = PBXFileReference; explicitFileType = wrapper.cfbundle; includeInIndex = 0; path = "Caryta MessengerUITests.xctest"; sourceTree = BUILT_PRODUCTS_DIR; };
		7B55525A1ECA93B700D50B4D /* Caryta_MessengerUITests.swift */ = {isa = PBXFileReference; lastKnownFileType = sourcecode.swift; path = Caryta_MessengerUITests.swift; sourceTree = "<group>"; };
		7B55525C1ECA93B700D50B4D /* Info.plist */ = {isa = PBXFileReference; lastKnownFileType = text.plist.xml; path = Info.plist; sourceTree = "<group>"; };
		7B5552681ECAB9FA00D50B4D /* ListChatController.swift */ = {isa = PBXFileReference; fileEncoding = 4; lastKnownFileType = sourcecode.swift; path = ListChatController.swift; sourceTree = "<group>"; };
		7B55526B1ECABA4600D50B4D /* ListChatCell.swift */ = {isa = PBXFileReference; fileEncoding = 4; lastKnownFileType = sourcecode.swift; path = ListChatCell.swift; sourceTree = "<group>"; };
		7B55526D1ECAD65900D50B4D /* MenuBarController.swift */ = {isa = PBXFileReference; fileEncoding = 4; lastKnownFileType = sourcecode.swift; path = MenuBarController.swift; sourceTree = "<group>"; };
		7B5552741ECAE84E00D50B4D /* ListTeleponController.swift */ = {isa = PBXFileReference; fileEncoding = 4; lastKnownFileType = sourcecode.swift; path = ListTeleponController.swift; sourceTree = "<group>"; };
		7B5552761ECAE99600D50B4D /* ListTeleponCell.swift */ = {isa = PBXFileReference; fileEncoding = 4; lastKnownFileType = sourcecode.swift; path = ListTeleponCell.swift; sourceTree = "<group>"; };
		7B5552791ECB044100D50B4D /* MainSettingController.swift */ = {isa = PBXFileReference; fileEncoding = 4; lastKnownFileType = sourcecode.swift; path = MainSettingController.swift; sourceTree = "<group>"; };
		7B8C3D8D1ECEAB8D009EEAE9 /* GantiNomorController.swift */ = {isa = PBXFileReference; fileEncoding = 4; lastKnownFileType = sourcecode.swift; path = GantiNomorController.swift; sourceTree = "<group>"; };
		7BB371071ECC052F005B1B64 /* UIView+Borders.swift */ = {isa = PBXFileReference; fileEncoding = 4; lastKnownFileType = sourcecode.swift; path = "UIView+Borders.swift"; sourceTree = "<group>"; };
		7BB371091ECC2866005B1B64 /* EditProfilController.swift */ = {isa = PBXFileReference; fileEncoding = 4; lastKnownFileType = sourcecode.swift; path = EditProfilController.swift; sourceTree = "<group>"; };
		7BB3710B1ECC86BC005B1B64 /* DetailChatController.swift */ = {isa = PBXFileReference; fileEncoding = 4; lastKnownFileType = sourcecode.swift; path = DetailChatController.swift; sourceTree = "<group>"; };
		7BB3710D1ECC8709005B1B64 /* ChatCell.swift */ = {isa = PBXFileReference; fileEncoding = 4; lastKnownFileType = sourcecode.swift; path = ChatCell.swift; sourceTree = "<group>"; };
		7BB371101ECC8AE7005B1B64 /* DetailKontakController.swift */ = {isa = PBXFileReference; fileEncoding = 4; lastKnownFileType = sourcecode.swift; path = DetailKontakController.swift; sourceTree = "<group>"; };
		7BD283BF1ED014F40009F755 /* GoogleService-Info.plist */ = {isa = PBXFileReference; fileEncoding = 4; lastKnownFileType = text.plist.xml; name = "GoogleService-Info.plist"; path = "../../Downloads/GoogleService-Info.plist"; sourceTree = "<group>"; };
		7BF924451ED2A48200F89183 /* VerifCodeController.swift */ = {isa = PBXFileReference; fileEncoding = 4; lastKnownFileType = sourcecode.swift; path = VerifCodeController.swift; sourceTree = "<group>"; };
		7BF924471ED2C19000F89183 /* LoginRegisController.swift */ = {isa = PBXFileReference; fileEncoding = 4; lastKnownFileType = sourcecode.swift; path = LoginRegisController.swift; sourceTree = "<group>"; };
		7BF9244D1ED2CFEA00F89183 /* model.swift */ = {isa = PBXFileReference; fileEncoding = 4; lastKnownFileType = sourcecode.swift; path = model.swift; sourceTree = "<group>"; };
		7BF9244F1ED2D06B00F89183 /* Global.swift */ = {isa = PBXFileReference; fileEncoding = 4; lastKnownFileType = sourcecode.swift; path = Global.swift; sourceTree = "<group>"; };
		7BF924511ED2E0B900F89183 /* TimelineCell.swift */ = {isa = PBXFileReference; fileEncoding = 4; lastKnownFileType = sourcecode.swift; path = TimelineCell.swift; sourceTree = "<group>"; };
		7BF924531ED3013C00F89183 /* CommentController.swift */ = {isa = PBXFileReference; fileEncoding = 4; lastKnownFileType = sourcecode.swift; path = CommentController.swift; sourceTree = "<group>"; };
		A4ECE9C80025954618005CCC /* Pods_Caryta_MessengerUITests.framework */ = {isa = PBXFileReference; explicitFileType = wrapper.framework; includeInIndex = 0; path = Pods_Caryta_MessengerUITests.framework; sourceTree = BUILT_PRODUCTS_DIR; };
		AFAF9241DD79593FDE75D9C9 /* Pods_Caryta_MessengerTests.framework */ = {isa = PBXFileReference; explicitFileType = wrapper.framework; includeInIndex = 0; path = Pods_Caryta_MessengerTests.framework; sourceTree = BUILT_PRODUCTS_DIR; };
		CAD568A09B3A9562C796798F /* Pods-Caryta Messenger.release.xcconfig */ = {isa = PBXFileReference; includeInIndex = 1; lastKnownFileType = text.xcconfig; name = "Pods-Caryta Messenger.release.xcconfig"; path = "Pods/Target Support Files/Pods-Caryta Messenger/Pods-Caryta Messenger.release.xcconfig"; sourceTree = "<group>"; };
		D7107B0AE8B87109A3AB4234 /* Pods-Caryta MessengerTests.release.xcconfig */ = {isa = PBXFileReference; includeInIndex = 1; lastKnownFileType = text.xcconfig; name = "Pods-Caryta MessengerTests.release.xcconfig"; path = "Pods/Target Support Files/Pods-Caryta MessengerTests/Pods-Caryta MessengerTests.release.xcconfig"; sourceTree = "<group>"; };
		DFDDE7E0184C6CACAD6A2E8D /* Pods-Caryta MessengerUITests.release.xcconfig */ = {isa = PBXFileReference; includeInIndex = 1; lastKnownFileType = text.xcconfig; name = "Pods-Caryta MessengerUITests.release.xcconfig"; path = "Pods/Target Support Files/Pods-Caryta MessengerUITests/Pods-Caryta MessengerUITests.release.xcconfig"; sourceTree = "<group>"; };
		F28460020756379277008CCB /* Pods-Caryta MessengerUITests.debug.xcconfig */ = {isa = PBXFileReference; includeInIndex = 1; lastKnownFileType = text.xcconfig; name = "Pods-Caryta MessengerUITests.debug.xcconfig"; path = "Pods/Target Support Files/Pods-Caryta MessengerUITests/Pods-Caryta MessengerUITests.debug.xcconfig"; sourceTree = "<group>"; };
/* End PBXFileReference section */

/* Begin PBXFrameworksBuildPhase section */
		7B5552341ECA93B700D50B4D /* Frameworks */ = {
			isa = PBXFrameworksBuildPhase;
			buildActionMask = 2147483647;
			files = (
				0F98E3231EF8D7360094EF68 /* CloudKit.framework in Frameworks */,
				18FF7A09FCD34A20C07151E8 /* Pods_Caryta_Messenger.framework in Frameworks */,
				7B2AFB1A1ECD81E4007033C5 /* AudioToolbox.framework in Frameworks */,
			);
			runOnlyForDeploymentPostprocessing = 0;
		};
		7B5552481ECA93B700D50B4D /* Frameworks */ = {
			isa = PBXFrameworksBuildPhase;
			buildActionMask = 2147483647;
			files = (
				A93623FF152921F13A92C992 /* Pods_Caryta_MessengerTests.framework in Frameworks */,
			);
			runOnlyForDeploymentPostprocessing = 0;
		};
		7B5552531ECA93B700D50B4D /* Frameworks */ = {
			isa = PBXFrameworksBuildPhase;
			buildActionMask = 2147483647;
			files = (
				6512CC38CFFF11887C9B9A61 /* Pods_Caryta_MessengerUITests.framework in Frameworks */,
			);
			runOnlyForDeploymentPostprocessing = 0;
		};
/* End PBXFrameworksBuildPhase section */

/* Begin PBXGroup section */
		0F03F9681EEFE825003D5B94 /* Test */ = {
			isa = PBXGroup;
			children = (
				0F03F9691EEFE8B9003D5B94 /* TestMenuBarController.swift */,
				0F03F96B1EEFF058003D5B94 /* TestListTeleponController.swift */,
				0F03F96D1EEFF126003D5B94 /* TestListPhoneCell.swift */,
				0F03F96F1EEFF2AC003D5B94 /* TestListChatController.swift */,
				0F03F9711EEFF33B003D5B94 /* TestListChatCell.swift */,
				0F03F9731EEFF488003D5B94 /* TestListKontakController.swift */,
				0F03F9751EEFF4DC003D5B94 /* TestListKontakCell.swift */,
				0F0B83B41EF11331009E8B31 /* TestDetailChatController.swift */,
				0F0B83B61EF11CB3009E8B31 /* TestDetailChatCell.swift */,
				0FCF30C91EF23F8100CFF78B /* TestWritePostController.swift */,
				0FCF30CB1EF2663100CFF78B /* TestPopUpKomentarController.swift */,
				0FCF30CD1EF2686B00CFF78B /* TestHomeController.swift */,
				0FCF30CF1EF2768400CFF78B /* TestTimelineCell.swift */,
				0FCF30D11EF2771D00CFF78B /* TestCommentCell.swift */,
				0FCF30D31EF282BB00CFF78B /* TestProfilController.swift */,
				0F5AE2EC1EF4E72C00B91B9E /* TestKontakHeaderCell.swift */,
				0F5AE2EE1EF511DD00B91B9E /* TestPopUpUbahDataController.swift */,
			);
			name = Test;
			sourceTree = "<group>";
		};
		0FE808CC1ED80AA90085B3D9 /* Call Manager */ = {
			isa = PBXGroup;
			children = (
			);
			name = "Call Manager";
			sourceTree = "<group>";
		};
		2B986E07D51CAE76F07439DD /* Pods */ = {
			isa = PBXGroup;
			children = (
				6E67553789C3A38D9F44BB72 /* Pods-Caryta Messenger.debug.xcconfig */,
				CAD568A09B3A9562C796798F /* Pods-Caryta Messenger.release.xcconfig */,
				61F21453F4B8E8EB59DBBC34 /* Pods-Caryta MessengerTests.debug.xcconfig */,
				D7107B0AE8B87109A3AB4234 /* Pods-Caryta MessengerTests.release.xcconfig */,
				F28460020756379277008CCB /* Pods-Caryta MessengerUITests.debug.xcconfig */,
				DFDDE7E0184C6CACAD6A2E8D /* Pods-Caryta MessengerUITests.release.xcconfig */,
			);
			name = Pods;
			sourceTree = "<group>";
		};
		7B2AFB1B1ECD8AD9007033C5 /* News */ = {
			isa = PBXGroup;
			children = (
				7B2AFB1C1ECD8AF2007033C5 /* ListNewsController.swift */,
				7BF924531ED3013C00F89183 /* CommentController.swift */,
			);
			name = News;
			sourceTree = "<group>";
		};
		7B55522E1ECA93B700D50B4D = {
			isa = PBXGroup;
			children = (
				7B5552391ECA93B700D50B4D /* Caryta Messenger */,
				7B55524E1ECA93B700D50B4D /* Caryta MessengerTests */,
				7B5552591ECA93B700D50B4D /* Caryta MessengerUITests */,
				7B5552381ECA93B700D50B4D /* Products */,
				2B986E07D51CAE76F07439DD /* Pods */,
				9DC8703F157BFE44635B08AB /* Frameworks */,
			);
			sourceTree = "<group>";
		};
		7B5552381ECA93B700D50B4D /* Products */ = {
			isa = PBXGroup;
			children = (
				7B5552371ECA93B700D50B4D /* Caryta Messenger.app */,
				7B55524B1ECA93B700D50B4D /* Caryta MessengerTests.xctest */,
				7B5552561ECA93B700D50B4D /* Caryta MessengerUITests.xctest */,
			);
			name = Products;
			sourceTree = "<group>";
		};
		7B5552391ECA93B700D50B4D /* Caryta Messenger */ = {
			isa = PBXGroup;
			children = (
				0F03F9681EEFE825003D5B94 /* Test */,
				0FE808CC1ED80AA90085B3D9 /* Call Manager */,
				7BF9244C1ED2CFBF00F89183 /* Database */,
				7B2AFB181ECD7579007033C5 /* Caryta Messenger.entitlements */,
				7B55526A1ECABA3600D50B4D /* Cell */,
				7B55526F1ECAE7E400D50B4D /* Chat */,
				7B5552721ECAE81400D50B4D /* Common */,
				7B5552701ECAE7F900D50B4D /* Config */,
				7BB3710F1ECC8AD1005B1B64 /* Kontak */,
				7B2AFB1B1ECD8AD9007033C5 /* News */,
				7B5552781ECB042F00D50B4D /* Setting */,
				7B5552711ECAE80500D50B4D /* StoryBoard */,
				7B5552731ECAE82E00D50B4D /* Telepon */,
			);
			path = "Caryta Messenger";
			sourceTree = "<group>";
		};
		7B55524E1ECA93B700D50B4D /* Caryta MessengerTests */ = {
			isa = PBXGroup;
			children = (
				7B55524F1ECA93B700D50B4D /* Caryta_MessengerTests.swift */,
				7B5552511ECA93B700D50B4D /* Info.plist */,
			);
			path = "Caryta MessengerTests";
			sourceTree = "<group>";
		};
		7B5552591ECA93B700D50B4D /* Caryta MessengerUITests */ = {
			isa = PBXGroup;
			children = (
				7B55525A1ECA93B700D50B4D /* Caryta_MessengerUITests.swift */,
				7B55525C1ECA93B700D50B4D /* Info.plist */,
			);
			path = "Caryta MessengerUITests";
			sourceTree = "<group>";
		};
		7B55526A1ECABA3600D50B4D /* Cell */ = {
			isa = PBXGroup;
			children = (
				7BB3710D1ECC8709005B1B64 /* ChatCell.swift */,
				7B55526B1ECABA4600D50B4D /* ListChatCell.swift */,
				7B2AFB161ECD56EB007033C5 /* ListKontakCell.swift */,
				7B5552761ECAE99600D50B4D /* ListTeleponCell.swift */,
				7BF924511ED2E0B900F89183 /* TimelineCell.swift */,
				0FE909301ED569B80005B2DD /* DialCodeCell.swift */,
				0F5688991EE5313700F1B408 /* SelectKontakCell.swift */,
				0F1E2E071EE9389200B1D43E /* ParticipantCell.swift */,
			);
			name = Cell;
			sourceTree = "<group>";
		};
		7B55526F1ECAE7E400D50B4D /* Chat */ = {
			isa = PBXGroup;
			children = (
				7B5552681ECAB9FA00D50B4D /* ListChatController.swift */,
				7BB3710B1ECC86BC005B1B64 /* DetailChatController.swift */,
				0F5688971EE5309E00F1B408 /* SelectKontakController.swift */,
				0F1E2E051EE9379700B1D43E /* AddGroupController.swift */,
			);
			name = Chat;
			sourceTree = "<group>";
		};
		7B5552701ECAE7F900D50B4D /* Config */ = {
			isa = PBXGroup;
			children = (
				7BD283BF1ED014F40009F755 /* GoogleService-Info.plist */,
				7B55523A1ECA93B700D50B4D /* AppDelegate.swift */,
				7B5552411ECA93B700D50B4D /* Assets.xcassets */,
				7B5552461ECA93B700D50B4D /* Info.plist */,
				7BB371071ECC052F005B1B64 /* UIView+Borders.swift */,
				0F8526001EEE49EC00FAC280 /* Caryta Messenger-Bridging-Header.h */,
			);
			name = Config;
			sourceTree = "<group>";
		};
		7B5552711ECAE80500D50B4D /* StoryBoard */ = {
			isa = PBXGroup;
			children = (
				0F03F9661EEFC308003D5B94 /* NewMain.storyboard */,
				7B5552431ECA93B700D50B4D /* LaunchScreen.storyboard */,
				7B55523E1ECA93B700D50B4D /* Main.storyboard */,
			);
			name = StoryBoard;
			sourceTree = "<group>";
		};
		7B5552721ECAE81400D50B4D /* Common */ = {
			isa = PBXGroup;
			children = (
				7B55526D1ECAD65900D50B4D /* MenuBarController.swift */,
				7BF924451ED2A48200F89183 /* VerifCodeController.swift */,
				7BF924471ED2C19000F89183 /* LoginRegisController.swift */,
				0FE909321ED569FA0005B2DD /* ListDialController.swift */,
				0F2324961EDBEB3800C73BFD /* LoginController.swift */,
				0FC5594B1EDD2616002F810A /* MasukController.swift */,
				0FBF3FAE1EE02406009D41D9 /* SplashScreenController.swift */,
				0FC47E331EE2AFA900311B5B /* LoginWithStoreController.swift */,
			);
			name = Common;
			sourceTree = "<group>";
		};
		7B5552731ECAE82E00D50B4D /* Telepon */ = {
			isa = PBXGroup;
			children = (
				7B5552741ECAE84E00D50B4D /* ListTeleponController.swift */,
			);
			name = Telepon;
			sourceTree = "<group>";
		};
		7B5552781ECB042F00D50B4D /* Setting */ = {
			isa = PBXGroup;
			children = (
				7B5552791ECB044100D50B4D /* MainSettingController.swift */,
				7BB371091ECC2866005B1B64 /* EditProfilController.swift */,
				7B2AFB201ECD9D2C007033C5 /* NavigationSettingController.swift */,
				7B8C3D8D1ECEAB8D009EEAE9 /* GantiNomorController.swift */,
			);
			name = Setting;
			sourceTree = "<group>";
		};
		7BB3710F1ECC8AD1005B1B64 /* Kontak */ = {
			isa = PBXGroup;
			children = (
				7BB371101ECC8AE7005B1B64 /* DetailKontakController.swift */,
				7B2AFB141ECD4F48007033C5 /* ListKontakController.swift */,
			);
			name = Kontak;
			sourceTree = "<group>";
		};
		7BF9244C1ED2CFBF00F89183 /* Database */ = {
			isa = PBXGroup;
			children = (
				7BF9244D1ED2CFEA00F89183 /* model.swift */,
				7BF9244F1ED2D06B00F89183 /* Global.swift */,
			);
			name = Database;
			sourceTree = "<group>";
		};
		9DC8703F157BFE44635B08AB /* Frameworks */ = {
			isa = PBXGroup;
			children = (
				0F98E3221EF8D7360094EF68 /* CloudKit.framework */,
				7B2AFB191ECD81E4007033C5 /* AudioToolbox.framework */,
				2BB4AD999016DB7E9C2615C2 /* Pods_Caryta_Messenger.framework */,
				AFAF9241DD79593FDE75D9C9 /* Pods_Caryta_MessengerTests.framework */,
				A4ECE9C80025954618005CCC /* Pods_Caryta_MessengerUITests.framework */,
			);
			name = Frameworks;
			sourceTree = "<group>";
		};
/* End PBXGroup section */

/* Begin PBXNativeTarget section */
		7B5552361ECA93B700D50B4D /* Caryta Messenger */ = {
			isa = PBXNativeTarget;
			buildConfigurationList = 7B55525F1ECA93B700D50B4D /* Build configuration list for PBXNativeTarget "Caryta Messenger" */;
			buildPhases = (
				38F83198963DBE79530B2C0C /* [CP] Check Pods Manifest.lock */,
				7B5552331ECA93B700D50B4D /* Sources */,
				7B5552341ECA93B700D50B4D /* Frameworks */,
				7B5552351ECA93B700D50B4D /* Resources */,
				B354104D13B24DCAC7204C88 /* [CP] Embed Pods Frameworks */,
				3A582A09FC7D0EA2554EC698 /* [CP] Copy Pods Resources */,
			);
			buildRules = (
			);
			dependencies = (
			);
			name = "Caryta Messenger";
			productName = "Caryta Messenger";
			productReference = 7B5552371ECA93B700D50B4D /* Caryta Messenger.app */;
			productType = "com.apple.product-type.application";
		};
		7B55524A1ECA93B700D50B4D /* Caryta MessengerTests */ = {
			isa = PBXNativeTarget;
			buildConfigurationList = 7B5552621ECA93B700D50B4D /* Build configuration list for PBXNativeTarget "Caryta MessengerTests" */;
			buildPhases = (
				E82B97B0BD5B4CB528228525 /* [CP] Check Pods Manifest.lock */,
				7B5552471ECA93B700D50B4D /* Sources */,
				7B5552481ECA93B700D50B4D /* Frameworks */,
				7B5552491ECA93B700D50B4D /* Resources */,
				443C50178FA83D363F729AAC /* [CP] Embed Pods Frameworks */,
				AECEDDE994D0CF994FE1ED72 /* [CP] Copy Pods Resources */,
			);
			buildRules = (
			);
			dependencies = (
				7B55524D1ECA93B700D50B4D /* PBXTargetDependency */,
			);
			name = "Caryta MessengerTests";
			productName = "Caryta MessengerTests";
			productReference = 7B55524B1ECA93B700D50B4D /* Caryta MessengerTests.xctest */;
			productType = "com.apple.product-type.bundle.unit-test";
		};
		7B5552551ECA93B700D50B4D /* Caryta MessengerUITests */ = {
			isa = PBXNativeTarget;
			buildConfigurationList = 7B5552651ECA93B700D50B4D /* Build configuration list for PBXNativeTarget "Caryta MessengerUITests" */;
			buildPhases = (
				9AC6ED90A6CB7440445F0DEC /* [CP] Check Pods Manifest.lock */,
				7B5552521ECA93B700D50B4D /* Sources */,
				7B5552531ECA93B700D50B4D /* Frameworks */,
				7B5552541ECA93B700D50B4D /* Resources */,
				32511051D0C971DE13AAF205 /* [CP] Embed Pods Frameworks */,
				6D2FB89D1EC8E4E1CD7BC163 /* [CP] Copy Pods Resources */,
			);
			buildRules = (
			);
			dependencies = (
				7B5552581ECA93B700D50B4D /* PBXTargetDependency */,
			);
			name = "Caryta MessengerUITests";
			productName = "Caryta MessengerUITests";
			productReference = 7B5552561ECA93B700D50B4D /* Caryta MessengerUITests.xctest */;
			productType = "com.apple.product-type.bundle.ui-testing";
		};
/* End PBXNativeTarget section */

/* Begin PBXProject section */
		7B55522F1ECA93B700D50B4D /* Project object */ = {
			isa = PBXProject;
			attributes = {
				LastSwiftUpdateCheck = 0830;
				LastUpgradeCheck = 0830;
				ORGANIZATIONNAME = Caryta;
				TargetAttributes = {
					7B5552361ECA93B700D50B4D = {
						CreatedOnToolsVersion = 8.3.2;
						DevelopmentTeam = PXA5BJAM6Y;
						LastSwiftMigration = 0830;
						ProvisioningStyle = Automatic;
						SystemCapabilities = {
							com.apple.BackgroundModes = {
								enabled = 1;
							};
							com.apple.InterAppAudio = {
								enabled = 1;
							};
							com.apple.Keychain = {
								enabled = 1;
							};
							com.apple.Push = {
								enabled = 1;
							};
							com.apple.iCloud = {
								enabled = 1;
							};
						};
					};
					7B55524A1ECA93B700D50B4D = {
						CreatedOnToolsVersion = 8.3.2;
						ProvisioningStyle = Automatic;
						TestTargetID = 7B5552361ECA93B700D50B4D;
					};
					7B5552551ECA93B700D50B4D = {
						CreatedOnToolsVersion = 8.3.2;
						ProvisioningStyle = Automatic;
						TestTargetID = 7B5552361ECA93B700D50B4D;
					};
				};
			};
			buildConfigurationList = 7B5552321ECA93B700D50B4D /* Build configuration list for PBXProject "Caryta Messenger" */;
			compatibilityVersion = "Xcode 3.2";
			developmentRegion = English;
			hasScannedForEncodings = 0;
			knownRegions = (
				en,
				Base,
			);
			mainGroup = 7B55522E1ECA93B700D50B4D;
			productRefGroup = 7B5552381ECA93B700D50B4D /* Products */;
			projectDirPath = "";
			projectRoot = "";
			targets = (
				7B5552361ECA93B700D50B4D /* Caryta Messenger */,
				7B55524A1ECA93B700D50B4D /* Caryta MessengerTests */,
				7B5552551ECA93B700D50B4D /* Caryta MessengerUITests */,
			);
		};
/* End PBXProject section */

/* Begin PBXResourcesBuildPhase section */
		7B5552351ECA93B700D50B4D /* Resources */ = {
			isa = PBXResourcesBuildPhase;
			buildActionMask = 2147483647;
			files = (
				7B5552451ECA93B700D50B4D /* LaunchScreen.storyboard in Resources */,
				0F03F9671EEFC308003D5B94 /* NewMain.storyboard in Resources */,
				7BD283C01ED014F40009F755 /* GoogleService-Info.plist in Resources */,
				7B5552421ECA93B700D50B4D /* Assets.xcassets in Resources */,
				7B5552401ECA93B700D50B4D /* Main.storyboard in Resources */,
			);
			runOnlyForDeploymentPostprocessing = 0;
		};
		7B5552491ECA93B700D50B4D /* Resources */ = {
			isa = PBXResourcesBuildPhase;
			buildActionMask = 2147483647;
			files = (
			);
			runOnlyForDeploymentPostprocessing = 0;
		};
		7B5552541ECA93B700D50B4D /* Resources */ = {
			isa = PBXResourcesBuildPhase;
			buildActionMask = 2147483647;
			files = (
			);
			runOnlyForDeploymentPostprocessing = 0;
		};
/* End PBXResourcesBuildPhase section */

/* Begin PBXShellScriptBuildPhase section */
		32511051D0C971DE13AAF205 /* [CP] Embed Pods Frameworks */ = {
			isa = PBXShellScriptBuildPhase;
			buildActionMask = 2147483647;
			files = (
			);
			inputPaths = (
			);
			name = "[CP] Embed Pods Frameworks";
			outputPaths = (
			);
			runOnlyForDeploymentPostprocessing = 0;
			shellPath = /bin/sh;
			shellScript = "\"${SRCROOT}/Pods/Target Support Files/Pods-Caryta MessengerUITests/Pods-Caryta MessengerUITests-frameworks.sh\"\n";
			showEnvVarsInLog = 0;
		};
		38F83198963DBE79530B2C0C /* [CP] Check Pods Manifest.lock */ = {
			isa = PBXShellScriptBuildPhase;
			buildActionMask = 2147483647;
			files = (
			);
			inputPaths = (
			);
			name = "[CP] Check Pods Manifest.lock";
			outputPaths = (
			);
			runOnlyForDeploymentPostprocessing = 0;
			shellPath = /bin/sh;
			shellScript = "diff \"${PODS_PODFILE_DIR_PATH}/Podfile.lock\" \"${PODS_ROOT}/Manifest.lock\" > /dev/null\nif [ $? != 0 ] ; then\n    # print error to STDERR\n    echo \"error: The sandbox is not in sync with the Podfile.lock. Run 'pod install' or update your CocoaPods installation.\" >&2\n    exit 1\nfi\n";
			showEnvVarsInLog = 0;
		};
		3A582A09FC7D0EA2554EC698 /* [CP] Copy Pods Resources */ = {
			isa = PBXShellScriptBuildPhase;
			buildActionMask = 2147483647;
			files = (
			);
			inputPaths = (
			);
			name = "[CP] Copy Pods Resources";
			outputPaths = (
			);
			runOnlyForDeploymentPostprocessing = 0;
			shellPath = /bin/sh;
			shellScript = "\"${SRCROOT}/Pods/Target Support Files/Pods-Caryta Messenger/Pods-Caryta Messenger-resources.sh\"\n";
			showEnvVarsInLog = 0;
		};
		443C50178FA83D363F729AAC /* [CP] Embed Pods Frameworks */ = {
			isa = PBXShellScriptBuildPhase;
			buildActionMask = 2147483647;
			files = (
			);
			inputPaths = (
			);
			name = "[CP] Embed Pods Frameworks";
			outputPaths = (
			);
			runOnlyForDeploymentPostprocessing = 0;
			shellPath = /bin/sh;
			shellScript = "\"${SRCROOT}/Pods/Target Support Files/Pods-Caryta MessengerTests/Pods-Caryta MessengerTests-frameworks.sh\"\n";
			showEnvVarsInLog = 0;
		};
		6D2FB89D1EC8E4E1CD7BC163 /* [CP] Copy Pods Resources */ = {
			isa = PBXShellScriptBuildPhase;
			buildActionMask = 2147483647;
			files = (
			);
			inputPaths = (
			);
			name = "[CP] Copy Pods Resources";
			outputPaths = (
			);
			runOnlyForDeploymentPostprocessing = 0;
			shellPath = /bin/sh;
			shellScript = "\"${SRCROOT}/Pods/Target Support Files/Pods-Caryta MessengerUITests/Pods-Caryta MessengerUITests-resources.sh\"\n";
			showEnvVarsInLog = 0;
		};
		9AC6ED90A6CB7440445F0DEC /* [CP] Check Pods Manifest.lock */ = {
			isa = PBXShellScriptBuildPhase;
			buildActionMask = 2147483647;
			files = (
			);
			inputPaths = (
			);
			name = "[CP] Check Pods Manifest.lock";
			outputPaths = (
			);
			runOnlyForDeploymentPostprocessing = 0;
			shellPath = /bin/sh;
			shellScript = "diff \"${PODS_PODFILE_DIR_PATH}/Podfile.lock\" \"${PODS_ROOT}/Manifest.lock\" > /dev/null\nif [ $? != 0 ] ; then\n    # print error to STDERR\n    echo \"error: The sandbox is not in sync with the Podfile.lock. Run 'pod install' or update your CocoaPods installation.\" >&2\n    exit 1\nfi\n";
			showEnvVarsInLog = 0;
		};
		AECEDDE994D0CF994FE1ED72 /* [CP] Copy Pods Resources */ = {
			isa = PBXShellScriptBuildPhase;
			buildActionMask = 2147483647;
			files = (
			);
			inputPaths = (
			);
			name = "[CP] Copy Pods Resources";
			outputPaths = (
			);
			runOnlyForDeploymentPostprocessing = 0;
			shellPath = /bin/sh;
			shellScript = "\"${SRCROOT}/Pods/Target Support Files/Pods-Caryta MessengerTests/Pods-Caryta MessengerTests-resources.sh\"\n";
			showEnvVarsInLog = 0;
		};
		B354104D13B24DCAC7204C88 /* [CP] Embed Pods Frameworks */ = {
			isa = PBXShellScriptBuildPhase;
			buildActionMask = 2147483647;
			files = (
			);
			inputPaths = (
			);
			name = "[CP] Embed Pods Frameworks";
			outputPaths = (
			);
			runOnlyForDeploymentPostprocessing = 0;
			shellPath = /bin/sh;
			shellScript = "\"${SRCROOT}/Pods/Target Support Files/Pods-Caryta Messenger/Pods-Caryta Messenger-frameworks.sh\"\n";
			showEnvVarsInLog = 0;
		};
		E82B97B0BD5B4CB528228525 /* [CP] Check Pods Manifest.lock */ = {
			isa = PBXShellScriptBuildPhase;
			buildActionMask = 2147483647;
			files = (
			);
			inputPaths = (
			);
			name = "[CP] Check Pods Manifest.lock";
			outputPaths = (
			);
			runOnlyForDeploymentPostprocessing = 0;
			shellPath = /bin/sh;
			shellScript = "diff \"${PODS_PODFILE_DIR_PATH}/Podfile.lock\" \"${PODS_ROOT}/Manifest.lock\" > /dev/null\nif [ $? != 0 ] ; then\n    # print error to STDERR\n    echo \"error: The sandbox is not in sync with the Podfile.lock. Run 'pod install' or update your CocoaPods installation.\" >&2\n    exit 1\nfi\n";
			showEnvVarsInLog = 0;
		};
/* End PBXShellScriptBuildPhase section */

/* Begin PBXSourcesBuildPhase section */
		7B5552331ECA93B700D50B4D /* Sources */ = {
			isa = PBXSourcesBuildPhase;
			buildActionMask = 2147483647;
			files = (
				7B5552751ECAE84E00D50B4D /* ListTeleponController.swift in Sources */,
				0FC47E341EE2AFA900311B5B /* LoginWithStoreController.swift in Sources */,
				7B55527A1ECB044100D50B4D /* MainSettingController.swift in Sources */,
				7BB3710E1ECC8709005B1B64 /* ChatCell.swift in Sources */,
				7B2AFB211ECD9D2C007033C5 /* NavigationSettingController.swift in Sources */,
				0F2324971EDBEB3800C73BFD /* LoginController.swift in Sources */,
				7BF924501ED2D06B00F89183 /* Global.swift in Sources */,
				7B2AFB171ECD56EB007033C5 /* ListKontakCell.swift in Sources */,
				7B5552771ECAE99600D50B4D /* ListTeleponCell.swift in Sources */,
				0FCF30CA1EF23F8100CFF78B /* TestWritePostController.swift in Sources */,
				0F5AE2EF1EF511DD00B91B9E /* TestPopUpUbahDataController.swift in Sources */,
				0F03F9741EEFF488003D5B94 /* TestListKontakController.swift in Sources */,
				7BF924461ED2A48200F89183 /* VerifCodeController.swift in Sources */,
				0F03F9701EEFF2AC003D5B94 /* TestListChatController.swift in Sources */,
				7B55526E1ECAD65900D50B4D /* MenuBarController.swift in Sources */,
				7BF924481ED2C19000F89183 /* LoginRegisController.swift in Sources */,
				0F03F96E1EEFF126003D5B94 /* TestListPhoneCell.swift in Sources */,
				0FE909311ED569B80005B2DD /* DialCodeCell.swift in Sources */,
				7BB371081ECC052F005B1B64 /* UIView+Borders.swift in Sources */,
				0FCF30D01EF2768400CFF78B /* TestTimelineCell.swift in Sources */,
				7BF924541ED3013C00F89183 /* CommentController.swift in Sources */,
				0FE909331ED569FA0005B2DD /* ListDialController.swift in Sources */,
				0F03F96A1EEFE8B9003D5B94 /* TestMenuBarController.swift in Sources */,
				0F1E2E081EE9389200B1D43E /* ParticipantCell.swift in Sources */,
				0F5AE2ED1EF4E72C00B91B9E /* TestKontakHeaderCell.swift in Sources */,
				7B55526C1ECABA4600D50B4D /* ListChatCell.swift in Sources */,
				0FCF30CC1EF2663100CFF78B /* TestPopUpKomentarController.swift in Sources */,
				0F03F9721EEFF33B003D5B94 /* TestListChatCell.swift in Sources */,
				0F0B83B51EF11331009E8B31 /* TestDetailChatController.swift in Sources */,
				0F03F9761EEFF4DC003D5B94 /* TestListKontakCell.swift in Sources */,
				7BF9244E1ED2CFEA00F89183 /* model.swift in Sources */,
				0F0B83B71EF11CB3009E8B31 /* TestDetailChatCell.swift in Sources */,
				7BB3710C1ECC86BC005B1B64 /* DetailChatController.swift in Sources */,
				7B2AFB1D1ECD8AF2007033C5 /* ListNewsController.swift in Sources */,
				0F1E2E061EE9379700B1D43E /* AddGroupController.swift in Sources */,
				7B2AFB151ECD4F48007033C5 /* ListKontakController.swift in Sources */,
				7BF924521ED2E0B900F89183 /* TimelineCell.swift in Sources */,
				7B8C3D8E1ECEAB8D009EEAE9 /* GantiNomorController.swift in Sources */,
				7BB3710A1ECC2866005B1B64 /* EditProfilController.swift in Sources */,
				0FCF30D41EF282BB00CFF78B /* TestProfilController.swift in Sources */,
				0F56889A1EE5313700F1B408 /* SelectKontakCell.swift in Sources */,
				7B55523B1ECA93B700D50B4D /* AppDelegate.swift in Sources */,
				0FC5594C1EDD2616002F810A /* MasukController.swift in Sources */,
				0FBF3FAF1EE02406009D41D9 /* SplashScreenController.swift in Sources */,
				0FCF30CE1EF2686B00CFF78B /* TestHomeController.swift in Sources */,
				0F5688981EE5309E00F1B408 /* SelectKontakController.swift in Sources */,
				7BB371111ECC8AE7005B1B64 /* DetailKontakController.swift in Sources */,
				0FCF30D21EF2771D00CFF78B /* TestCommentCell.swift in Sources */,
				7B5552691ECAB9FA00D50B4D /* ListChatController.swift in Sources */,
				0F03F96C1EEFF058003D5B94 /* TestListTeleponController.swift in Sources */,
			);
			runOnlyForDeploymentPostprocessing = 0;
		};
		7B5552471ECA93B700D50B4D /* Sources */ = {
			isa = PBXSourcesBuildPhase;
			buildActionMask = 2147483647;
			files = (
				7B5552501ECA93B700D50B4D /* Caryta_MessengerTests.swift in Sources */,
			);
			runOnlyForDeploymentPostprocessing = 0;
		};
		7B5552521ECA93B700D50B4D /* Sources */ = {
			isa = PBXSourcesBuildPhase;
			buildActionMask = 2147483647;
			files = (
				7B55525B1ECA93B700D50B4D /* Caryta_MessengerUITests.swift in Sources */,
			);
			runOnlyForDeploymentPostprocessing = 0;
		};
/* End PBXSourcesBuildPhase section */

/* Begin PBXTargetDependency section */
		7B55524D1ECA93B700D50B4D /* PBXTargetDependency */ = {
			isa = PBXTargetDependency;
			target = 7B5552361ECA93B700D50B4D /* Caryta Messenger */;
			targetProxy = 7B55524C1ECA93B700D50B4D /* PBXContainerItemProxy */;
		};
		7B5552581ECA93B700D50B4D /* PBXTargetDependency */ = {
			isa = PBXTargetDependency;
			target = 7B5552361ECA93B700D50B4D /* Caryta Messenger */;
			targetProxy = 7B5552571ECA93B700D50B4D /* PBXContainerItemProxy */;
		};
/* End PBXTargetDependency section */

/* Begin PBXVariantGroup section */
		7B55523E1ECA93B700D50B4D /* Main.storyboard */ = {
			isa = PBXVariantGroup;
			children = (
				7B55523F1ECA93B700D50B4D /* Base */,
			);
			name = Main.storyboard;
			sourceTree = "<group>";
		};
		7B5552431ECA93B700D50B4D /* LaunchScreen.storyboard */ = {
			isa = PBXVariantGroup;
			children = (
				7B5552441ECA93B700D50B4D /* Base */,
			);
			name = LaunchScreen.storyboard;
			sourceTree = "<group>";
		};
/* End PBXVariantGroup section */

/* Begin XCBuildConfiguration section */
		7B55525D1ECA93B700D50B4D /* Debug */ = {
			isa = XCBuildConfiguration;
			buildSettings = {
				ALWAYS_SEARCH_USER_PATHS = NO;
				CLANG_ANALYZER_NONNULL = YES;
				CLANG_ANALYZER_NUMBER_OBJECT_CONVERSION = YES_AGGRESSIVE;
				CLANG_CXX_LANGUAGE_STANDARD = "gnu++0x";
				CLANG_CXX_LIBRARY = "libc++";
				CLANG_ENABLE_MODULES = YES;
				CLANG_ENABLE_OBJC_ARC = YES;
				CLANG_WARN_BOOL_CONVERSION = YES;
				CLANG_WARN_CONSTANT_CONVERSION = YES;
				CLANG_WARN_DIRECT_OBJC_ISA_USAGE = YES_ERROR;
				CLANG_WARN_DOCUMENTATION_COMMENTS = YES;
				CLANG_WARN_EMPTY_BODY = YES;
				CLANG_WARN_ENUM_CONVERSION = YES;
				CLANG_WARN_INFINITE_RECURSION = YES;
				CLANG_WARN_INT_CONVERSION = YES;
				CLANG_WARN_OBJC_ROOT_CLASS = YES_ERROR;
				CLANG_WARN_SUSPICIOUS_MOVE = YES;
				CLANG_WARN_UNREACHABLE_CODE = YES;
				CLANG_WARN__DUPLICATE_METHOD_MATCH = YES;
				"CODE_SIGN_IDENTITY[sdk=iphoneos*]" = "iPhone Developer";
				COPY_PHASE_STRIP = NO;
				DEBUG_INFORMATION_FORMAT = dwarf;
				ENABLE_STRICT_OBJC_MSGSEND = YES;
				ENABLE_TESTABILITY = YES;
				GCC_C_LANGUAGE_STANDARD = gnu99;
				GCC_DYNAMIC_NO_PIC = NO;
				GCC_NO_COMMON_BLOCKS = YES;
				GCC_OPTIMIZATION_LEVEL = 0;
				GCC_PREPROCESSOR_DEFINITIONS = (
					"DEBUG=1",
					"$(inherited)",
				);
				GCC_WARN_64_TO_32_BIT_CONVERSION = YES;
				GCC_WARN_ABOUT_RETURN_TYPE = YES_ERROR;
				GCC_WARN_UNDECLARED_SELECTOR = YES;
				GCC_WARN_UNINITIALIZED_AUTOS = YES_AGGRESSIVE;
				GCC_WARN_UNUSED_FUNCTION = YES;
				GCC_WARN_UNUSED_VARIABLE = YES;
				IPHONEOS_DEPLOYMENT_TARGET = 10.3;
				MTL_ENABLE_DEBUG_INFO = YES;
				ONLY_ACTIVE_ARCH = YES;
				SDKROOT = iphoneos;
				SWIFT_ACTIVE_COMPILATION_CONDITIONS = DEBUG;
				SWIFT_OPTIMIZATION_LEVEL = "-Onone";
				TARGETED_DEVICE_FAMILY = "1,2";
			};
			name = Debug;
		};
		7B55525E1ECA93B700D50B4D /* Release */ = {
			isa = XCBuildConfiguration;
			buildSettings = {
				ALWAYS_SEARCH_USER_PATHS = NO;
				CLANG_ANALYZER_NONNULL = YES;
				CLANG_ANALYZER_NUMBER_OBJECT_CONVERSION = YES_AGGRESSIVE;
				CLANG_CXX_LANGUAGE_STANDARD = "gnu++0x";
				CLANG_CXX_LIBRARY = "libc++";
				CLANG_ENABLE_MODULES = YES;
				CLANG_ENABLE_OBJC_ARC = YES;
				CLANG_WARN_BOOL_CONVERSION = YES;
				CLANG_WARN_CONSTANT_CONVERSION = YES;
				CLANG_WARN_DIRECT_OBJC_ISA_USAGE = YES_ERROR;
				CLANG_WARN_DOCUMENTATION_COMMENTS = YES;
				CLANG_WARN_EMPTY_BODY = YES;
				CLANG_WARN_ENUM_CONVERSION = YES;
				CLANG_WARN_INFINITE_RECURSION = YES;
				CLANG_WARN_INT_CONVERSION = YES;
				CLANG_WARN_OBJC_ROOT_CLASS = YES_ERROR;
				CLANG_WARN_SUSPICIOUS_MOVE = YES;
				CLANG_WARN_UNREACHABLE_CODE = YES;
				CLANG_WARN__DUPLICATE_METHOD_MATCH = YES;
				"CODE_SIGN_IDENTITY[sdk=iphoneos*]" = "iPhone Developer";
				COPY_PHASE_STRIP = NO;
				DEBUG_INFORMATION_FORMAT = "dwarf-with-dsym";
				ENABLE_NS_ASSERTIONS = NO;
				ENABLE_STRICT_OBJC_MSGSEND = YES;
				GCC_C_LANGUAGE_STANDARD = gnu99;
				GCC_NO_COMMON_BLOCKS = YES;
				GCC_WARN_64_TO_32_BIT_CONVERSION = YES;
				GCC_WARN_ABOUT_RETURN_TYPE = YES_ERROR;
				GCC_WARN_UNDECLARED_SELECTOR = YES;
				GCC_WARN_UNINITIALIZED_AUTOS = YES_AGGRESSIVE;
				GCC_WARN_UNUSED_FUNCTION = YES;
				GCC_WARN_UNUSED_VARIABLE = YES;
				IPHONEOS_DEPLOYMENT_TARGET = 10.3;
				MTL_ENABLE_DEBUG_INFO = NO;
				SDKROOT = iphoneos;
				SWIFT_OPTIMIZATION_LEVEL = "-Owholemodule";
				TARGETED_DEVICE_FAMILY = "1,2";
				VALIDATE_PRODUCT = YES;
			};
			name = Release;
		};
		7B5552601ECA93B700D50B4D /* Debug */ = {
			isa = XCBuildConfiguration;
			baseConfigurationReference = 6E67553789C3A38D9F44BB72 /* Pods-Caryta Messenger.debug.xcconfig */;
			buildSettings = {
				ASSETCATALOG_COMPILER_APPICON_NAME = AppIcon;
				CLANG_ENABLE_MODULES = YES;
				CODE_SIGN_ENTITLEMENTS = "Caryta Messenger/Caryta Messenger.entitlements";
				"CODE_SIGN_IDENTITY[sdk=iphoneos*]" = "iPhone Developer";
				DEVELOPMENT_TEAM = PXA5BJAM6Y;
				INFOPLIST_FILE = "Caryta Messenger/Info.plist";
				IPHONEOS_DEPLOYMENT_TARGET = 10.0;
				LD_RUNPATH_SEARCH_PATHS = "$(inherited) @executable_path/Frameworks";
				PRODUCT_BUNDLE_IDENTIFIER = com.caryta.messenger;
				PRODUCT_NAME = "$(TARGET_NAME)";
				PROVISIONING_PROFILE_SPECIFIER = "";
				SWIFT_OBJC_BRIDGING_HEADER = "Caryta Messenger/Caryta Messenger-Bridging-Header.h";
				SWIFT_OPTIMIZATION_LEVEL = "-Onone";
				SWIFT_VERSION = 3.0;
			};
			name = Debug;
		};
		7B5552611ECA93B700D50B4D /* Release */ = {
			isa = XCBuildConfiguration;
			baseConfigurationReference = CAD568A09B3A9562C796798F /* Pods-Caryta Messenger.release.xcconfig */;
			buildSettings = {
				ASSETCATALOG_COMPILER_APPICON_NAME = AppIcon;
				CLANG_ENABLE_MODULES = YES;
				CODE_SIGN_ENTITLEMENTS = "Caryta Messenger/Caryta Messenger.entitlements";
				"CODE_SIGN_IDENTITY[sdk=iphoneos*]" = "iPhone Developer";
				DEVELOPMENT_TEAM = PXA5BJAM6Y;
				INFOPLIST_FILE = "Caryta Messenger/Info.plist";
				IPHONEOS_DEPLOYMENT_TARGET = 10.0;
				LD_RUNPATH_SEARCH_PATHS = "$(inherited) @executable_path/Frameworks";
				PRODUCT_BUNDLE_IDENTIFIER = com.caryta.messenger;
				PRODUCT_NAME = "$(TARGET_NAME)";
				PROVISIONING_PROFILE_SPECIFIER = "";
				SWIFT_OBJC_BRIDGING_HEADER = "Caryta Messenger/Caryta Messenger-Bridging-Header.h";
				SWIFT_VERSION = 3.0;
			};
			name = Release;
		};
		7B5552631ECA93B700D50B4D /* Debug */ = {
			isa = XCBuildConfiguration;
			baseConfigurationReference = 61F21453F4B8E8EB59DBBC34 /* Pods-Caryta MessengerTests.debug.xcconfig */;
			buildSettings = {
				ALWAYS_EMBED_SWIFT_STANDARD_LIBRARIES = YES;
				BUNDLE_LOADER = "$(TEST_HOST)";
				INFOPLIST_FILE = "Caryta MessengerTests/Info.plist";
				LD_RUNPATH_SEARCH_PATHS = "$(inherited) @executable_path/Frameworks @loader_path/Frameworks";
				PRODUCT_BUNDLE_IDENTIFIER = "com.caryta.Caryta-MessengerTests";
				PRODUCT_NAME = "$(TARGET_NAME)";
				SWIFT_VERSION = 3.0;
				TEST_HOST = "$(BUILT_PRODUCTS_DIR)/Caryta Messenger.app/Caryta Messenger";
			};
			name = Debug;
		};
		7B5552641ECA93B700D50B4D /* Release */ = {
			isa = XCBuildConfiguration;
			baseConfigurationReference = D7107B0AE8B87109A3AB4234 /* Pods-Caryta MessengerTests.release.xcconfig */;
			buildSettings = {
				ALWAYS_EMBED_SWIFT_STANDARD_LIBRARIES = YES;
				BUNDLE_LOADER = "$(TEST_HOST)";
				INFOPLIST_FILE = "Caryta MessengerTests/Info.plist";
				LD_RUNPATH_SEARCH_PATHS = "$(inherited) @executable_path/Frameworks @loader_path/Frameworks";
				PRODUCT_BUNDLE_IDENTIFIER = "com.caryta.Caryta-MessengerTests";
				PRODUCT_NAME = "$(TARGET_NAME)";
				SWIFT_VERSION = 3.0;
				TEST_HOST = "$(BUILT_PRODUCTS_DIR)/Caryta Messenger.app/Caryta Messenger";
			};
			name = Release;
		};
		7B5552661ECA93B700D50B4D /* Debug */ = {
			isa = XCBuildConfiguration;
			baseConfigurationReference = F28460020756379277008CCB /* Pods-Caryta MessengerUITests.debug.xcconfig */;
			buildSettings = {
				ALWAYS_EMBED_SWIFT_STANDARD_LIBRARIES = YES;
				INFOPLIST_FILE = "Caryta MessengerUITests/Info.plist";
				LD_RUNPATH_SEARCH_PATHS = "$(inherited) @executable_path/Frameworks @loader_path/Frameworks";
				PRODUCT_BUNDLE_IDENTIFIER = "com.caryta.Caryta-MessengerUITests";
				PRODUCT_NAME = "$(TARGET_NAME)";
				SWIFT_VERSION = 3.0;
				TEST_TARGET_NAME = "Caryta Messenger";
			};
			name = Debug;
		};
		7B5552671ECA93B700D50B4D /* Release */ = {
			isa = XCBuildConfiguration;
			baseConfigurationReference = DFDDE7E0184C6CACAD6A2E8D /* Pods-Caryta MessengerUITests.release.xcconfig */;
			buildSettings = {
				ALWAYS_EMBED_SWIFT_STANDARD_LIBRARIES = YES;
				INFOPLIST_FILE = "Caryta MessengerUITests/Info.plist";
				LD_RUNPATH_SEARCH_PATHS = "$(inherited) @executable_path/Frameworks @loader_path/Frameworks";
				PRODUCT_BUNDLE_IDENTIFIER = "com.caryta.Caryta-MessengerUITests";
				PRODUCT_NAME = "$(TARGET_NAME)";
				SWIFT_VERSION = 3.0;
				TEST_TARGET_NAME = "Caryta Messenger";
			};
			name = Release;
		};
/* End XCBuildConfiguration section */

/* Begin XCConfigurationList section */
		7B5552321ECA93B700D50B4D /* Build configuration list for PBXProject "Caryta Messenger" */ = {
			isa = XCConfigurationList;
			buildConfigurations = (
				7B55525D1ECA93B700D50B4D /* Debug */,
				7B55525E1ECA93B700D50B4D /* Release */,
			);
			defaultConfigurationIsVisible = 0;
			defaultConfigurationName = Release;
		};
		7B55525F1ECA93B700D50B4D /* Build configuration list for PBXNativeTarget "Caryta Messenger" */ = {
			isa = XCConfigurationList;
			buildConfigurations = (
				7B5552601ECA93B700D50B4D /* Debug */,
				7B5552611ECA93B700D50B4D /* Release */,
			);
			defaultConfigurationIsVisible = 0;
			defaultConfigurationName = Release;
		};
		7B5552621ECA93B700D50B4D /* Build configuration list for PBXNativeTarget "Caryta MessengerTests" */ = {
			isa = XCConfigurationList;
			buildConfigurations = (
				7B5552631ECA93B700D50B4D /* Debug */,
				7B5552641ECA93B700D50B4D /* Release */,
			);
			defaultConfigurationIsVisible = 0;
			defaultConfigurationName = Release;
		};
		7B5552651ECA93B700D50B4D /* Build configuration list for PBXNativeTarget "Caryta MessengerUITests" */ = {
			isa = XCConfigurationList;
			buildConfigurations = (
				7B5552661ECA93B700D50B4D /* Debug */,
				7B5552671ECA93B700D50B4D /* Release */,
			);
			defaultConfigurationIsVisible = 0;
			defaultConfigurationName = Release;
		};
/* End XCConfigurationList section */
	};
	rootObject = 7B55522F1ECA93B700D50B4D /* Project object */;
}
