// !$*UTF8*$!
{
	archiveVersion = 1;
	classes = {
	};
	objectVersion = 46;
	objects = {

/* Begin PBXBuildFile section */
		7B55523B1ECA93B700D50B4D /* AppDelegate.swift in Sources */ = {isa = PBXBuildFile; fileRef = 7B55523A1ECA93B700D50B4D /* AppDelegate.swift */; };
		7B55523D1ECA93B700D50B4D /* ViewController.swift in Sources */ = {isa = PBXBuildFile; fileRef = 7B55523C1ECA93B700D50B4D /* ViewController.swift */; };
		7B5552401ECA93B700D50B4D /* Main.storyboard in Resources */ = {isa = PBXBuildFile; fileRef = 7B55523E1ECA93B700D50B4D /* Main.storyboard */; };
		7B5552421ECA93B700D50B4D /* Assets.xcassets in Resources */ = {isa = PBXBuildFile; fileRef = 7B5552411ECA93B700D50B4D /* Assets.xcassets */; };
		7B5552451ECA93B700D50B4D /* LaunchScreen.storyboard in Resources */ = {isa = PBXBuildFile; fileRef = 7B5552431ECA93B700D50B4D /* LaunchScreen.storyboard */; };
		7B5552501ECA93B700D50B4D /* Caryta_MessengerTests.swift in Sources */ = {isa = PBXBuildFile; fileRef = 7B55524F1ECA93B700D50B4D /* Caryta_MessengerTests.swift */; };
		7B55525B1ECA93B700D50B4D /* Caryta_MessengerUITests.swift in Sources */ = {isa = PBXBuildFile; fileRef = 7B55525A1ECA93B700D50B4D /* Caryta_MessengerUITests.swift */; };
/* End PBXBuildFile section */

/* Begin PBXContainerItemProxy section */
		7B55524C1ECA93B700D50B4D /* PBXContainerItemProxy */ = {
			isa = PBXContainerItemProxy;
			containerPortal = 7B55522F1ECA93B700D50B4D /* Project object */;
			proxyType = 1;
			remoteGlobalIDString = 7B5552361ECA93B700D50B4D;
			remoteInfo = "Caryta Messenger";
		};
		7B5552571ECA93B700D50B4D /* PBXContainerItemProxy */ = {
			isa = PBXContainerItemProxy;
			containerPortal = 7B55522F1ECA93B700D50B4D /* Project object */;
			proxyType = 1;
			remoteGlobalIDString = 7B5552361ECA93B700D50B4D;
			remoteInfo = "Caryta Messenger";
		};
/* End PBXContainerItemProxy section */

/* Begin PBXFileReference section */
		7B5552371ECA93B700D50B4D /* Caryta Messenger.app */ = {isa = PBXFileReference; explicitFileType = wrapper.application; includeInIndex = 0; path = "Caryta Messenger.app"; sourceTree = BUILT_PRODUCTS_DIR; };
		7B55523A1ECA93B700D50B4D /* AppDelegate.swift */ = {isa = PBXFileReference; lastKnownFileType = sourcecode.swift; path = AppDelegate.swift; sourceTree = "<group>"; };
		7B55523C1ECA93B700D50B4D /* ViewController.swift */ = {isa = PBXFileReference; lastKnownFileType = sourcecode.swift; path = ViewController.swift; sourceTree = "<group>"; };
		7B55523F1ECA93B700D50B4D /* Base */ = {isa = PBXFileReference; lastKnownFileType = file.storyboard; name = Base; path = Base.lproj/Main.storyboard; sourceTree = "<group>"; };
		7B5552411ECA93B700D50B4D /* Assets.xcassets */ = {isa = PBXFileReference; lastKnownFileType = folder.assetcatalog; path = Assets.xcassets; sourceTree = "<group>"; };
		7B5552441ECA93B700D50B4D /* Base */ = {isa = PBXFileReference; lastKnownFileType = file.storyboard; name = Base; path = Base.lproj/LaunchScreen.storyboard; sourceTree = "<group>"; };
		7B5552461ECA93B700D50B4D /* Info.plist */ = {isa = PBXFileReference; lastKnownFileType = text.plist.xml; path = Info.plist; sourceTree = "<group>"; };
		7B55524B1ECA93B700D50B4D /* Caryta MessengerTests.xctest */ = {isa = PBXFileReference; explicitFileType = wrapper.cfbundle; includeInIndex = 0; path = "Caryta MessengerTests.xctest"; sourceTree = BUILT_PRODUCTS_DIR; };
		7B55524F1ECA93B700D50B4D /* Caryta_MessengerTests.swift */ = {isa = PBXFileReference; lastKnownFileType = sourcecode.swift; path = Caryta_MessengerTests.swift; sourceTree = "<group>"; };
		7B5552511ECA93B700D50B4D /* Info.plist */ = {isa = PBXFileReference; lastKnownFileType = text.plist.xml; path = Info.plist; sourceTree = "<group>"; };
		7B5552561ECA93B700D50B4D /* Caryta MessengerUITests.xctest */ = {isa = PBXFileReference; explicitFileType = wrapper.cfbundle; includeInIndex = 0; path = "Caryta MessengerUITests.xctest"; sourceTree = BUILT_PRODUCTS_DIR; };
		7B55525A1ECA93B700D50B4D /* Caryta_MessengerUITests.swift */ = {isa = PBXFileReference; lastKnownFileType = sourcecode.swift; path = Caryta_MessengerUITests.swift; sourceTree = "<group>"; };
		7B55525C1ECA93B700D50B4D /* Info.plist */ = {isa = PBXFileReference; lastKnownFileType = text.plist.xml; path = Info.plist; sourceTree = "<group>"; };
/* End PBXFileReference section */

/* Begin PBXFrameworksBuildPhase section */
		7B5552341ECA93B700D50B4D /* Frameworks */ = {
			isa = PBXFrameworksBuildPhase;
			buildActionMask = 2147483647;
			files = (
			);
			runOnlyForDeploymentPostprocessing = 0;
		};
		7B5552481ECA93B700D50B4D /* Frameworks */ = {
			isa = PBXFrameworksBuildPhase;
			buildActionMask = 2147483647;
			files = (
			);
			runOnlyForDeploymentPostprocessing = 0;
		};
		7B5552531ECA93B700D50B4D /* Frameworks */ = {
			isa = PBXFrameworksBuildPhase;
			buildActionMask = 2147483647;
			files = (
			);
			runOnlyForDeploymentPostprocessing = 0;
		};
/* End PBXFrameworksBuildPhase section */

/* Begin PBXGroup section */
		7B55522E1ECA93B700D50B4D = {
			isa = PBXGroup;
			children = (
				7B5552391ECA93B700D50B4D /* Caryta Messenger */,
				7B55524E1ECA93B700D50B4D /* Caryta MessengerTests */,
				7B5552591ECA93B700D50B4D /* Caryta MessengerUITests */,
				7B5552381ECA93B700D50B4D /* Products */,
			);
			sourceTree = "<group>";
		};
		7B5552381ECA93B700D50B4D /* Products */ = {
			isa = PBXGroup;
			children = (
				7B5552371ECA93B700D50B4D /* Caryta Messenger.app */,
				7B55524B1ECA93B700D50B4D /* Caryta MessengerTests.xctest */,
				7B5552561ECA93B700D50B4D /* Caryta MessengerUITests.xctest */,
			);
			name = Products;
			sourceTree = "<group>";
		};
		7B5552391ECA93B700D50B4D /* Caryta Messenger */ = {
			isa = PBXGroup;
			children = (
				7B55523A1ECA93B700D50B4D /* AppDelegate.swift */,
				7B55523C1ECA93B700D50B4D /* ViewController.swift */,
				7B55523E1ECA93B700D50B4D /* Main.storyboard */,
				7B5552411ECA93B700D50B4D /* Assets.xcassets */,
				7B5552431ECA93B700D50B4D /* LaunchScreen.storyboard */,
				7B5552461ECA93B700D50B4D /* Info.plist */,
			);
			path = "Caryta Messenger";
			sourceTree = "<group>";
		};
		7B55524E1ECA93B700D50B4D /* Caryta MessengerTests */ = {
			isa = PBXGroup;
			children = (
				7B55524F1ECA93B700D50B4D /* Caryta_MessengerTests.swift */,
				7B5552511ECA93B700D50B4D /* Info.plist */,
			);
			path = "Caryta MessengerTests";
			sourceTree = "<group>";
		};
		7B5552591ECA93B700D50B4D /* Caryta MessengerUITests */ = {
			isa = PBXGroup;
			children = (
				7B55525A1ECA93B700D50B4D /* Caryta_MessengerUITests.swift */,
				7B55525C1ECA93B700D50B4D /* Info.plist */,
			);
			path = "Caryta MessengerUITests";
			sourceTree = "<group>";
		};
/* End PBXGroup section */

/* Begin PBXNativeTarget section */
		7B5552361ECA93B700D50B4D /* Caryta Messenger */ = {
			isa = PBXNativeTarget;
			buildConfigurationList = 7B55525F1ECA93B700D50B4D /* Build configuration list for PBXNativeTarget "Caryta Messenger" */;
			buildPhases = (
				7B5552331ECA93B700D50B4D /* Sources */,
				7B5552341ECA93B700D50B4D /* Frameworks */,
				7B5552351ECA93B700D50B4D /* Resources */,
			);
			buildRules = (
			);
			dependencies = (
			);
			name = "Caryta Messenger";
			productName = "Caryta Messenger";
			productReference = 7B5552371ECA93B700D50B4D /* Caryta Messenger.app */;
			productType = "com.apple.product-type.application";
		};
		7B55524A1ECA93B700D50B4D /* Caryta MessengerTests */ = {
			isa = PBXNativeTarget;
			buildConfigurationList = 7B5552621ECA93B700D50B4D /* Build configuration list for PBXNativeTarget "Caryta MessengerTests" */;
			buildPhases = (
				7B5552471ECA93B700D50B4D /* Sources */,
				7B5552481ECA93B700D50B4D /* Frameworks */,
				7B5552491ECA93B700D50B4D /* Resources */,
			);
			buildRules = (
			);
			dependencies = (
				7B55524D1ECA93B700D50B4D /* PBXTargetDependency */,
			);
			name = "Caryta MessengerTests";
			productName = "Caryta MessengerTests";
			productReference = 7B55524B1ECA93B700D50B4D /* Caryta MessengerTests.xctest */;
			productType = "com.apple.product-type.bundle.unit-test";
		};
		7B5552551ECA93B700D50B4D /* Caryta MessengerUITests */ = {
			isa = PBXNativeTarget;
			buildConfigurationList = 7B5552651ECA93B700D50B4D /* Build configuration list for PBXNativeTarget "Caryta MessengerUITests" */;
			buildPhases = (
				7B5552521ECA93B700D50B4D /* Sources */,
				7B5552531ECA93B700D50B4D /* Frameworks */,
				7B5552541ECA93B700D50B4D /* Resources */,
			);
			buildRules = (
			);
			dependencies = (
				7B5552581ECA93B700D50B4D /* PBXTargetDependency */,
			);
			name = "Caryta MessengerUITests";
			productName = "Caryta MessengerUITests";
			productReference = 7B5552561ECA93B700D50B4D /* Caryta MessengerUITests.xctest */;
			productType = "com.apple.product-type.bundle.ui-testing";
		};
/* End PBXNativeTarget section */

/* Begin PBXProject section */
		7B55522F1ECA93B700D50B4D /* Project object */ = {
			isa = PBXProject;
			attributes = {
				LastSwiftUpdateCheck = 0830;
				LastUpgradeCheck = 0830;
				ORGANIZATIONNAME = Caryta;
				TargetAttributes = {
					7B5552361ECA93B700D50B4D = {
						CreatedOnToolsVersion = 8.3.2;
						ProvisioningStyle = Automatic;
					};
					7B55524A1ECA93B700D50B4D = {
						CreatedOnToolsVersion = 8.3.2;
						ProvisioningStyle = Automatic;
						TestTargetID = 7B5552361ECA93B700D50B4D;
					};
					7B5552551ECA93B700D50B4D = {
						CreatedOnToolsVersion = 8.3.2;
						ProvisioningStyle = Automatic;
						TestTargetID = 7B5552361ECA93B700D50B4D;
					};
				};
			};
			buildConfigurationList = 7B5552321ECA93B700D50B4D /* Build configuration list for PBXProject "Caryta Messenger" */;
			compatibilityVersion = "Xcode 3.2";
			developmentRegion = English;
			hasScannedForEncodings = 0;
			knownRegions = (
				en,
				Base,
			);
			mainGroup = 7B55522E1ECA93B700D50B4D;
			productRefGroup = 7B5552381ECA93B700D50B4D /* Products */;
			projectDirPath = "";
			projectRoot = "";
			targets = (
				7B5552361ECA93B700D50B4D /* Caryta Messenger */,
				7B55524A1ECA93B700D50B4D /* Caryta MessengerTests */,
				7B5552551ECA93B700D50B4D /* Caryta MessengerUITests */,
			);
		};
/* End PBXProject section */

/* Begin PBXResourcesBuildPhase section */
		7B5552351ECA93B700D50B4D /* Resources */ = {
			isa = PBXResourcesBuildPhase;
			buildActionMask = 2147483647;
			files = (
				7B5552451ECA93B700D50B4D /* LaunchScreen.storyboard in Resources */,
				7B5552421ECA93B700D50B4D /* Assets.xcassets in Resources */,
				7B5552401ECA93B700D50B4D /* Main.storyboard in Resources */,
			);
			runOnlyForDeploymentPostprocessing = 0;
		};
		7B5552491ECA93B700D50B4D /* Resources */ = {
			isa = PBXResourcesBuildPhase;
			buildActionMask = 2147483647;
			files = (
			);
			runOnlyForDeploymentPostprocessing = 0;
		};
		7B5552541ECA93B700D50B4D /* Resources */ = {
			isa = PBXResourcesBuildPhase;
			buildActionMask = 2147483647;
			files = (
			);
			runOnlyForDeploymentPostprocessing = 0;
		};
/* End PBXResourcesBuildPhase section */

/* Begin PBXSourcesBuildPhase section */
		7B5552331ECA93B700D50B4D /* Sources */ = {
			isa = PBXSourcesBuildPhase;
			buildActionMask = 2147483647;
			files = (
				7B55523D1ECA93B700D50B4D /* ViewController.swift in Sources */,
				7B55523B1ECA93B700D50B4D /* AppDelegate.swift in Sources */,
			);
			runOnlyForDeploymentPostprocessing = 0;
		};
		7B5552471ECA93B700D50B4D /* Sources */ = {
			isa = PBXSourcesBuildPhase;
			buildActionMask = 2147483647;
			files = (
				7B5552501ECA93B700D50B4D /* Caryta_MessengerTests.swift in Sources */,
			);
			runOnlyForDeploymentPostprocessing = 0;
		};
		7B5552521ECA93B700D50B4D /* Sources */ = {
			isa = PBXSourcesBuildPhase;
			buildActionMask = 2147483647;
			files = (
				7B55525B1ECA93B700D50B4D /* Caryta_MessengerUITests.swift in Sources */,
			);
			runOnlyForDeploymentPostprocessing = 0;
		};
/* End PBXSourcesBuildPhase section */

/* Begin PBXTargetDependency section */
		7B55524D1ECA93B700D50B4D /* PBXTargetDependency */ = {
			isa = PBXTargetDependency;
			target = 7B5552361ECA93B700D50B4D /* Caryta Messenger */;
			targetProxy = 7B55524C1ECA93B700D50B4D /* PBXContainerItemProxy */;
		};
		7B5552581ECA93B700D50B4D /* PBXTargetDependency */ = {
			isa = PBXTargetDependency;
			target = 7B5552361ECA93B700D50B4D /* Caryta Messenger */;
			targetProxy = 7B5552571ECA93B700D50B4D /* PBXContainerItemProxy */;
		};
/* End PBXTargetDependency section */

/* Begin PBXVariantGroup section */
		7B55523E1ECA93B700D50B4D /* Main.storyboard */ = {
			isa = PBXVariantGroup;
			children = (
				7B55523F1ECA93B700D50B4D /* Base */,
			);
			name = Main.storyboard;
			sourceTree = "<group>";
		};
		7B5552431ECA93B700D50B4D /* LaunchScreen.storyboard */ = {
			isa = PBXVariantGroup;
			children = (
				7B5552441ECA93B700D50B4D /* Base */,
			);
			name = LaunchScreen.storyboard;
			sourceTree = "<group>";
		};
/* End PBXVariantGroup section */

/* Begin XCBuildConfiguration section */
		7B55525D1ECA93B700D50B4D /* Debug */ = {
			isa = XCBuildConfiguration;
			buildSettings = {
				ALWAYS_SEARCH_USER_PATHS = NO;
				CLANG_ANALYZER_NONNULL = YES;
				CLANG_ANALYZER_NUMBER_OBJECT_CONVERSION = YES_AGGRESSIVE;
				CLANG_CXX_LANGUAGE_STANDARD = "gnu++0x";
				CLANG_CXX_LIBRARY = "libc++";
				CLANG_ENABLE_MODULES = YES;
				CLANG_ENABLE_OBJC_ARC = YES;
				CLANG_WARN_BOOL_CONVERSION = YES;
				CLANG_WARN_CONSTANT_CONVERSION = YES;
				CLANG_WARN_DIRECT_OBJC_ISA_USAGE = YES_ERROR;
				CLANG_WARN_DOCUMENTATION_COMMENTS = YES;
				CLANG_WARN_EMPTY_BODY = YES;
				CLANG_WARN_ENUM_CONVERSION = YES;
				CLANG_WARN_INFINITE_RECURSION = YES;
				CLANG_WARN_INT_CONVERSION = YES;
				CLANG_WARN_OBJC_ROOT_CLASS = YES_ERROR;
				CLANG_WARN_SUSPICIOUS_MOVE = YES;
				CLANG_WARN_UNREACHABLE_CODE = YES;
				CLANG_WARN__DUPLICATE_METHOD_MATCH = YES;
				"CODE_SIGN_IDENTITY[sdk=iphoneos*]" = "iPhone Developer";
				COPY_PHASE_STRIP = NO;
				DEBUG_INFORMATION_FORMAT = dwarf;
				ENABLE_STRICT_OBJC_MSGSEND = YES;
				ENABLE_TESTABILITY = YES;
				GCC_C_LANGUAGE_STANDARD = gnu99;
				GCC_DYNAMIC_NO_PIC = NO;
				GCC_NO_COMMON_BLOCKS = YES;
				GCC_OPTIMIZATION_LEVEL = 0;
				GCC_PREPROCESSOR_DEFINITIONS = (
					"DEBUG=1",
					"$(inherited)",
				);
				GCC_WARN_64_TO_32_BIT_CONVERSION = YES;
				GCC_WARN_ABOUT_RETURN_TYPE = YES_ERROR;
				GCC_WARN_UNDECLARED_SELECTOR = YES;
				GCC_WARN_UNINITIALIZED_AUTOS = YES_AGGRESSIVE;
				GCC_WARN_UNUSED_FUNCTION = YES;
				GCC_WARN_UNUSED_VARIABLE = YES;
				IPHONEOS_DEPLOYMENT_TARGET = 10.3;
				MTL_ENABLE_DEBUG_INFO = YES;
				ONLY_ACTIVE_ARCH = YES;
				SDKROOT = iphoneos;
				SWIFT_ACTIVE_COMPILATION_CONDITIONS = DEBUG;
				SWIFT_OPTIMIZATION_LEVEL = "-Onone";
				TARGETED_DEVICE_FAMILY = "1,2";
			};
			name = Debug;
		};
		7B55525E1ECA93B700D50B4D /* Release */ = {
			isa = XCBuildConfiguration;
			buildSettings = {
				ALWAYS_SEARCH_USER_PATHS = NO;
				CLANG_ANALYZER_NONNULL = YES;
				CLANG_ANALYZER_NUMBER_OBJECT_CONVERSION = YES_AGGRESSIVE;
				CLANG_CXX_LANGUAGE_STANDARD = "gnu++0x";
				CLANG_CXX_LIBRARY = "libc++";
				CLANG_ENABLE_MODULES = YES;
				CLANG_ENABLE_OBJC_ARC = YES;
				CLANG_WARN_BOOL_CONVERSION = YES;
				CLANG_WARN_CONSTANT_CONVERSION = YES;
				CLANG_WARN_DIRECT_OBJC_ISA_USAGE = YES_ERROR;
				CLANG_WARN_DOCUMENTATION_COMMENTS = YES;
				CLANG_WARN_EMPTY_BODY = YES;
				CLANG_WARN_ENUM_CONVERSION = YES;
				CLANG_WARN_INFINITE_RECURSION = YES;
				CLANG_WARN_INT_CONVERSION = YES;
				CLANG_WARN_OBJC_ROOT_CLASS = YES_ERROR;
				CLANG_WARN_SUSPICIOUS_MOVE = YES;
				CLANG_WARN_UNREACHABLE_CODE = YES;
				CLANG_WARN__DUPLICATE_METHOD_MATCH = YES;
				"CODE_SIGN_IDENTITY[sdk=iphoneos*]" = "iPhone Developer";
				COPY_PHASE_STRIP = NO;
				DEBUG_INFORMATION_FORMAT = "dwarf-with-dsym";
				ENABLE_NS_ASSERTIONS = NO;
				ENABLE_STRICT_OBJC_MSGSEND = YES;
				GCC_C_LANGUAGE_STANDARD = gnu99;
				GCC_NO_COMMON_BLOCKS = YES;
				GCC_WARN_64_TO_32_BIT_CONVERSION = YES;
				GCC_WARN_ABOUT_RETURN_TYPE = YES_ERROR;
				GCC_WARN_UNDECLARED_SELECTOR = YES;
				GCC_WARN_UNINITIALIZED_AUTOS = YES_AGGRESSIVE;
				GCC_WARN_UNUSED_FUNCTION = YES;
				GCC_WARN_UNUSED_VARIABLE = YES;
				IPHONEOS_DEPLOYMENT_TARGET = 10.3;
				MTL_ENABLE_DEBUG_INFO = NO;
				SDKROOT = iphoneos;
				SWIFT_OPTIMIZATION_LEVEL = "-Owholemodule";
				TARGETED_DEVICE_FAMILY = "1,2";
				VALIDATE_PRODUCT = YES;
			};
			name = Release;
		};
		7B5552601ECA93B700D50B4D /* Debug */ = {
			isa = XCBuildConfiguration;
			buildSettings = {
				ASSETCATALOG_COMPILER_APPICON_NAME = AppIcon;
				INFOPLIST_FILE = "Caryta Messenger/Info.plist";
				IPHONEOS_DEPLOYMENT_TARGET = 9.3;
				LD_RUNPATH_SEARCH_PATHS = "$(inherited) @executable_path/Frameworks";
				PRODUCT_BUNDLE_IDENTIFIER = "com.caryta.Caryta-Messenger";
				PRODUCT_NAME = "$(TARGET_NAME)";
				SWIFT_VERSION = 3.0;
			};
			name = Debug;
		};
		7B5552611ECA93B700D50B4D /* Release */ = {
			isa = XCBuildConfiguration;
			buildSettings = {
				ASSETCATALOG_COMPILER_APPICON_NAME = AppIcon;
				INFOPLIST_FILE = "Caryta Messenger/Info.plist";
				IPHONEOS_DEPLOYMENT_TARGET = 9.3;
				LD_RUNPATH_SEARCH_PATHS = "$(inherited) @executable_path/Frameworks";
				PRODUCT_BUNDLE_IDENTIFIER = "com.caryta.Caryta-Messenger";
				PRODUCT_NAME = "$(TARGET_NAME)";
				SWIFT_VERSION = 3.0;
			};
			name = Release;
		};
		7B5552631ECA93B700D50B4D /* Debug */ = {
			isa = XCBuildConfiguration;
			buildSettings = {
				ALWAYS_EMBED_SWIFT_STANDARD_LIBRARIES = YES;
				BUNDLE_LOADER = "$(TEST_HOST)";
				INFOPLIST_FILE = "Caryta MessengerTests/Info.plist";
				LD_RUNPATH_SEARCH_PATHS = "$(inherited) @executable_path/Frameworks @loader_path/Frameworks";
				PRODUCT_BUNDLE_IDENTIFIER = "com.caryta.Caryta-MessengerTests";
				PRODUCT_NAME = "$(TARGET_NAME)";
				SWIFT_VERSION = 3.0;
				TEST_HOST = "$(BUILT_PRODUCTS_DIR)/Caryta Messenger.app/Caryta Messenger";
			};
			name = Debug;
		};
		7B5552641ECA93B700D50B4D /* Release */ = {
			isa = XCBuildConfiguration;
			buildSettings = {
				ALWAYS_EMBED_SWIFT_STANDARD_LIBRARIES = YES;
				BUNDLE_LOADER = "$(TEST_HOST)";
				INFOPLIST_FILE = "Caryta MessengerTests/Info.plist";
				LD_RUNPATH_SEARCH_PATHS = "$(inherited) @executable_path/Frameworks @loader_path/Frameworks";
				PRODUCT_BUNDLE_IDENTIFIER = "com.caryta.Caryta-MessengerTests";
				PRODUCT_NAME = "$(TARGET_NAME)";
				SWIFT_VERSION = 3.0;
				TEST_HOST = "$(BUILT_PRODUCTS_DIR)/Caryta Messenger.app/Caryta Messenger";
			};
			name = Release;
		};
		7B5552661ECA93B700D50B4D /* Debug */ = {
			isa = XCBuildConfiguration;
			buildSettings = {
				ALWAYS_EMBED_SWIFT_STANDARD_LIBRARIES = YES;
				INFOPLIST_FILE = "Caryta MessengerUITests/Info.plist";
				LD_RUNPATH_SEARCH_PATHS = "$(inherited) @executable_path/Frameworks @loader_path/Frameworks";
				PRODUCT_BUNDLE_IDENTIFIER = "com.caryta.Caryta-MessengerUITests";
				PRODUCT_NAME = "$(TARGET_NAME)";
				SWIFT_VERSION = 3.0;
				TEST_TARGET_NAME = "Caryta Messenger";
			};
			name = Debug;
		};
		7B5552671ECA93B700D50B4D /* Release */ = {
			isa = XCBuildConfiguration;
			buildSettings = {
				ALWAYS_EMBED_SWIFT_STANDARD_LIBRARIES = YES;
				INFOPLIST_FILE = "Caryta MessengerUITests/Info.plist";
				LD_RUNPATH_SEARCH_PATHS = "$(inherited) @executable_path/Frameworks @loader_path/Frameworks";
				PRODUCT_BUNDLE_IDENTIFIER = "com.caryta.Caryta-MessengerUITests";
				PRODUCT_NAME = "$(TARGET_NAME)";
				SWIFT_VERSION = 3.0;
				TEST_TARGET_NAME = "Caryta Messenger";
			};
			name = Release;
		};
/* End XCBuildConfiguration section */

/* Begin XCConfigurationList section */
		7B5552321ECA93B700D50B4D /* Build configuration list for PBXProject "Caryta Messenger" */ = {
			isa = XCConfigurationList;
			buildConfigurations = (
				7B55525D1ECA93B700D50B4D /* Debug */,
				7B55525E1ECA93B700D50B4D /* Release */,
			);
			defaultConfigurationIsVisible = 0;
			defaultConfigurationName = Release;
		};
		7B55525F1ECA93B700D50B4D /* Build configuration list for PBXNativeTarget "Caryta Messenger" */ = {
			isa = XCConfigurationList;
			buildConfigurations = (
				7B5552601ECA93B700D50B4D /* Debug */,
				7B5552611ECA93B700D50B4D /* Release */,
			);
			defaultConfigurationIsVisible = 0;
		};
		7B5552621ECA93B700D50B4D /* Build configuration list for PBXNativeTarget "Caryta MessengerTests" */ = {
			isa = XCConfigurationList;
			buildConfigurations = (
				7B5552631ECA93B700D50B4D /* Debug */,
				7B5552641ECA93B700D50B4D /* Release */,
			);
			defaultConfigurationIsVisible = 0;
		};
		7B5552651ECA93B700D50B4D /* Build configuration list for PBXNativeTarget "Caryta MessengerUITests" */ = {
			isa = XCConfigurationList;
			buildConfigurations = (
				7B5552661ECA93B700D50B4D /* Debug */,
				7B5552671ECA93B700D50B4D /* Release */,
			);
			defaultConfigurationIsVisible = 0;
		};
/* End XCConfigurationList section */
	};
	rootObject = 7B55522F1ECA93B700D50B4D /* Project object */;
}
