// !$*UTF8*$!
{
	archiveVersion = 1;
	classes = {
	};
	objectVersion = 46;
	objects = {

/* Begin PBXBuildFile section */
		0F03F9671EEFC308003D5B94 /* NewMain.storyboard in Resources */ = {isa = PBXBuildFile; fileRef = 0F03F9661EEFC308003D5B94 /* NewMain.storyboard */; };
		0F03F96A1EEFE8B9003D5B94 /* MenuBarController.swift in Sources */ = {isa = PBXBuildFile; fileRef = 0F03F9691EEFE8B9003D5B94 /* MenuBarController.swift */; };
		0F03F96C1EEFF058003D5B94 /* ListTeleponController.swift in Sources */ = {isa = PBXBuildFile; fileRef = 0F03F96B1EEFF058003D5B94 /* ListTeleponController.swift */; };
		0F03F96E1EEFF126003D5B94 /* ListPhoneCell.swift in Sources */ = {isa = PBXBuildFile; fileRef = 0F03F96D1EEFF126003D5B94 /* ListPhoneCell.swift */; };
		0F03F9701EEFF2AC003D5B94 /* ListChatController.swift in Sources */ = {isa = PBXBuildFile; fileRef = 0F03F96F1EEFF2AC003D5B94 /* ListChatController.swift */; };
		0F03F9721EEFF33B003D5B94 /* ListChatCell.swift in Sources */ = {isa = PBXBuildFile; fileRef = 0F03F9711EEFF33B003D5B94 /* ListChatCell.swift */; };
		0F03F9741EEFF488003D5B94 /* ListKontakController.swift in Sources */ = {isa = PBXBuildFile; fileRef = 0F03F9731EEFF488003D5B94 /* ListKontakController.swift */; };
		0F03F9761EEFF4DC003D5B94 /* ListKontakCell.swift in Sources */ = {isa = PBXBuildFile; fileRef = 0F03F9751EEFF4DC003D5B94 /* ListKontakCell.swift */; };
		0F0B83B51EF11331009E8B31 /* DetailChatController.swift in Sources */ = {isa = PBXBuildFile; fileRef = 0F0B83B41EF11331009E8B31 /* DetailChatController.swift */; };
		0F0B83B71EF11CB3009E8B31 /* DetailChatCell.swift in Sources */ = {isa = PBXBuildFile; fileRef = 0F0B83B61EF11CB3009E8B31 /* DetailChatCell.swift */; };
		0F1857781F399C3200594433 /* NewsCell.swift in Sources */ = {isa = PBXBuildFile; fileRef = 0F1857771F399C3200594433 /* NewsCell.swift */; };
		0F18577A1F39A93E00594433 /* DetailBeritaController.swift in Sources */ = {isa = PBXBuildFile; fileRef = 0F1857791F39A93E00594433 /* DetailBeritaController.swift */; };
		0F584F781F702C3E00EDC1CB /* MainStoryController.swift in Sources */ = {isa = PBXBuildFile; fileRef = 0F584F771F702C3E00EDC1CB /* MainStoryController.swift */; };
		0F584F7A1F702C9900EDC1CB /* MyStoryCell.swift in Sources */ = {isa = PBXBuildFile; fileRef = 0F584F791F702C9900EDC1CB /* MyStoryCell.swift */; };
		0F5AE2ED1EF4E72C00B91B9E /* KontakHeaderCell.swift in Sources */ = {isa = PBXBuildFile; fileRef = 0F5AE2EC1EF4E72C00B91B9E /* KontakHeaderCell.swift */; };
		0F5AE2EF1EF511DD00B91B9E /* PopUpUbahDataController.swift in Sources */ = {isa = PBXBuildFile; fileRef = 0F5AE2EE1EF511DD00B91B9E /* PopUpUbahDataController.swift */; };
		0F7C1AAD1F3C3C9F00079334 /* FirstController.swift in Sources */ = {isa = PBXBuildFile; fileRef = 0F7C1AAC1F3C3C9F00079334 /* FirstController.swift */; };
		0F7C1AAF1F3C4B0F00079334 /* KodeVerifController.swift in Sources */ = {isa = PBXBuildFile; fileRef = 0F7C1AAE1F3C4B0F00079334 /* KodeVerifController.swift */; };
		0F7C1AB11F3C5C4800079334 /* DataDiriController.swift in Sources */ = {isa = PBXBuildFile; fileRef = 0F7C1AB01F3C5C4800079334 /* DataDiriController.swift */; };
		0F7C1AB31F3C643D00079334 /* LoginController.swift in Sources */ = {isa = PBXBuildFile; fileRef = 0F7C1AB21F3C643D00079334 /* LoginController.swift */; };
		0F8138851F3D894000A11364 /* LoginWithCarytaController.swift in Sources */ = {isa = PBXBuildFile; fileRef = 0F8138841F3D894000A11364 /* LoginWithCarytaController.swift */; };
		0F87DCB01F5547D900C64EE2 /* PopUpListDialController.swift in Sources */ = {isa = PBXBuildFile; fileRef = 0F87DCAF1F5547D900C64EE2 /* PopUpListDialController.swift */; };
		0F87DCB31F55489700C64EE2 /* PopUpListDialCell.swift in Sources */ = {isa = PBXBuildFile; fileRef = 0F87DCB21F55489700C64EE2 /* PopUpListDialCell.swift */; };
		0F98E3231EF8D7360094EF68 /* CloudKit.framework in Frameworks */ = {isa = PBXBuildFile; fileRef = 0F98E3221EF8D7360094EF68 /* CloudKit.framework */; };
		0FA99DB91F6ECDC800ECD012 /* StoryCell.swift in Sources */ = {isa = PBXBuildFile; fileRef = 0FA99DB81F6ECDC800ECD012 /* StoryCell.swift */; };
		0FA99DBB1F6EEC9B00ECD012 /* CreateStoryController.swift in Sources */ = {isa = PBXBuildFile; fileRef = 0FA99DBA1F6EEC9A00ECD012 /* CreateStoryController.swift */; };
		0FCF30CA1EF23F8100CFF78B /* WritePostController.swift in Sources */ = {isa = PBXBuildFile; fileRef = 0FCF30C91EF23F8100CFF78B /* WritePostController.swift */; };
		0FCF30CC1EF2663100CFF78B /* PopUpKomentarController.swift in Sources */ = {isa = PBXBuildFile; fileRef = 0FCF30CB1EF2663100CFF78B /* PopUpKomentarController.swift */; };
		0FCF30CE1EF2686B00CFF78B /* HomeController.swift in Sources */ = {isa = PBXBuildFile; fileRef = 0FCF30CD1EF2686B00CFF78B /* HomeController.swift */; };
		0FCF30D01EF2768400CFF78B /* TimelineCell.swift in Sources */ = {isa = PBXBuildFile; fileRef = 0FCF30CF1EF2768400CFF78B /* TimelineCell.swift */; };
		0FCF30D21EF2771D00CFF78B /* CommentCell.swift in Sources */ = {isa = PBXBuildFile; fileRef = 0FCF30D11EF2771D00CFF78B /* CommentCell.swift */; };
		0FCF30D41EF282BB00CFF78B /* ProfilController.swift in Sources */ = {isa = PBXBuildFile; fileRef = 0FCF30D31EF282BB00CFF78B /* ProfilController.swift */; };
		18FF7A09FCD34A20C07151E8 /* Pods_Caryta_Messenger.framework in Frameworks */ = {isa = PBXBuildFile; fileRef = 2BB4AD999016DB7E9C2615C2 /* Pods_Caryta_Messenger.framework */; };
		6512CC38CFFF11887C9B9A61 /* Pods_Caryta_MessengerUITests.framework in Frameworks */ = {isa = PBXBuildFile; fileRef = A4ECE9C80025954618005CCC /* Pods_Caryta_MessengerUITests.framework */; };
		7B2AFB1A1ECD81E4007033C5 /* AudioToolbox.framework in Frameworks */ = {isa = PBXBuildFile; fileRef = 7B2AFB191ECD81E4007033C5 /* AudioToolbox.framework */; };
		7B55523B1ECA93B700D50B4D /* AppDelegate.swift in Sources */ = {isa = PBXBuildFile; fileRef = 7B55523A1ECA93B700D50B4D /* AppDelegate.swift */; };
		7B5552421ECA93B700D50B4D /* Assets.xcassets in Resources */ = {isa = PBXBuildFile; fileRef = 7B5552411ECA93B700D50B4D /* Assets.xcassets */; };
		7B5552451ECA93B700D50B4D /* LaunchScreen.storyboard in Resources */ = {isa = PBXBuildFile; fileRef = 7B5552431ECA93B700D50B4D /* LaunchScreen.storyboard */; };
		7B5552501ECA93B700D50B4D /* Caryta_MessengerTests.swift in Sources */ = {isa = PBXBuildFile; fileRef = 7B55524F1ECA93B700D50B4D /* Caryta_MessengerTests.swift */; };
		7B55525B1ECA93B700D50B4D /* Caryta_MessengerUITests.swift in Sources */ = {isa = PBXBuildFile; fileRef = 7B55525A1ECA93B700D50B4D /* Caryta_MessengerUITests.swift */; };
		7BB371081ECC052F005B1B64 /* UIView+Borders.swift in Sources */ = {isa = PBXBuildFile; fileRef = 7BB371071ECC052F005B1B64 /* UIView+Borders.swift */; };
		7BD283C01ED014F40009F755 /* GoogleService-Info.plist in Resources */ = {isa = PBXBuildFile; fileRef = 7BD283BF1ED014F40009F755 /* GoogleService-Info.plist */; };
		7BF9244E1ED2CFEA00F89183 /* model.swift in Sources */ = {isa = PBXBuildFile; fileRef = 7BF9244D1ED2CFEA00F89183 /* model.swift */; };
		7BF924501ED2D06B00F89183 /* Global.swift in Sources */ = {isa = PBXBuildFile; fileRef = 7BF9244F1ED2D06B00F89183 /* Global.swift */; };
		A93623FF152921F13A92C992 /* Pods_Caryta_MessengerTests.framework in Frameworks */ = {isa = PBXBuildFile; fileRef = AFAF9241DD79593FDE75D9C9 /* Pods_Caryta_MessengerTests.framework */; };
/* End PBXBuildFile section */

/* Begin PBXContainerItemProxy section */
		7B55524C1ECA93B700D50B4D /* PBXContainerItemProxy */ = {
			isa = PBXContainerItemProxy;
			containerPortal = 7B55522F1ECA93B700D50B4D /* Project object */;
			proxyType = 1;
			remoteGlobalIDString = 7B5552361ECA93B700D50B4D;
			remoteInfo = "Caryta Messenger";
		};
		7B5552571ECA93B700D50B4D /* PBXContainerItemProxy */ = {
			isa = PBXContainerItemProxy;
			containerPortal = 7B55522F1ECA93B700D50B4D /* Project object */;
			proxyType = 1;
			remoteGlobalIDString = 7B5552361ECA93B700D50B4D;
			remoteInfo = "Caryta Messenger";
		};
/* End PBXContainerItemProxy section */

/* Begin PBXFileReference section */
		0F03F9661EEFC308003D5B94 /* NewMain.storyboard */ = {isa = PBXFileReference; fileEncoding = 4; lastKnownFileType = file.storyboard; path = NewMain.storyboard; sourceTree = "<group>"; };
		0F03F9691EEFE8B9003D5B94 /* MenuBarController.swift */ = {isa = PBXFileReference; fileEncoding = 4; lastKnownFileType = sourcecode.swift; path = MenuBarController.swift; sourceTree = "<group>"; };
		0F03F96B1EEFF058003D5B94 /* ListTeleponController.swift */ = {isa = PBXFileReference; fileEncoding = 4; lastKnownFileType = sourcecode.swift; path = ListTeleponController.swift; sourceTree = "<group>"; };
		0F03F96D1EEFF126003D5B94 /* ListPhoneCell.swift */ = {isa = PBXFileReference; fileEncoding = 4; lastKnownFileType = sourcecode.swift; path = ListPhoneCell.swift; sourceTree = "<group>"; };
		0F03F96F1EEFF2AC003D5B94 /* ListChatController.swift */ = {isa = PBXFileReference; fileEncoding = 4; lastKnownFileType = sourcecode.swift; path = ListChatController.swift; sourceTree = "<group>"; };
		0F03F9711EEFF33B003D5B94 /* ListChatCell.swift */ = {isa = PBXFileReference; fileEncoding = 4; lastKnownFileType = sourcecode.swift; path = ListChatCell.swift; sourceTree = "<group>"; };
		0F03F9731EEFF488003D5B94 /* ListKontakController.swift */ = {isa = PBXFileReference; fileEncoding = 4; lastKnownFileType = sourcecode.swift; path = ListKontakController.swift; sourceTree = "<group>"; };
		0F03F9751EEFF4DC003D5B94 /* ListKontakCell.swift */ = {isa = PBXFileReference; fileEncoding = 4; lastKnownFileType = sourcecode.swift; path = ListKontakCell.swift; sourceTree = "<group>"; };
		0F0B83B41EF11331009E8B31 /* DetailChatController.swift */ = {isa = PBXFileReference; fileEncoding = 4; lastKnownFileType = sourcecode.swift; path = DetailChatController.swift; sourceTree = "<group>"; };
		0F0B83B61EF11CB3009E8B31 /* DetailChatCell.swift */ = {isa = PBXFileReference; fileEncoding = 4; lastKnownFileType = sourcecode.swift; path = DetailChatCell.swift; sourceTree = "<group>"; };
		0F1857771F399C3200594433 /* NewsCell.swift */ = {isa = PBXFileReference; fileEncoding = 4; lastKnownFileType = sourcecode.swift; path = NewsCell.swift; sourceTree = "<group>"; };
		0F1857791F39A93E00594433 /* DetailBeritaController.swift */ = {isa = PBXFileReference; fileEncoding = 4; lastKnownFileType = sourcecode.swift; path = DetailBeritaController.swift; sourceTree = "<group>"; };
		0F584F771F702C3E00EDC1CB /* MainStoryController.swift */ = {isa = PBXFileReference; fileEncoding = 4; lastKnownFileType = sourcecode.swift; path = MainStoryController.swift; sourceTree = "<group>"; };
		0F584F791F702C9900EDC1CB /* MyStoryCell.swift */ = {isa = PBXFileReference; fileEncoding = 4; lastKnownFileType = sourcecode.swift; path = MyStoryCell.swift; sourceTree = "<group>"; };
		0F5AE2EC1EF4E72C00B91B9E /* KontakHeaderCell.swift */ = {isa = PBXFileReference; fileEncoding = 4; lastKnownFileType = sourcecode.swift; path = KontakHeaderCell.swift; sourceTree = "<group>"; };
		0F5AE2EE1EF511DD00B91B9E /* PopUpUbahDataController.swift */ = {isa = PBXFileReference; fileEncoding = 4; lastKnownFileType = sourcecode.swift; path = PopUpUbahDataController.swift; sourceTree = "<group>"; };
		0F7C1AAC1F3C3C9F00079334 /* FirstController.swift */ = {isa = PBXFileReference; fileEncoding = 4; lastKnownFileType = sourcecode.swift; path = FirstController.swift; sourceTree = "<group>"; };
		0F7C1AAE1F3C4B0F00079334 /* KodeVerifController.swift */ = {isa = PBXFileReference; fileEncoding = 4; lastKnownFileType = sourcecode.swift; path = KodeVerifController.swift; sourceTree = "<group>"; };
		0F7C1AB01F3C5C4800079334 /* DataDiriController.swift */ = {isa = PBXFileReference; fileEncoding = 4; lastKnownFileType = sourcecode.swift; path = DataDiriController.swift; sourceTree = "<group>"; };
		0F7C1AB21F3C643D00079334 /* LoginController.swift */ = {isa = PBXFileReference; fileEncoding = 4; lastKnownFileType = sourcecode.swift; path = LoginController.swift; sourceTree = "<group>"; };
		0F8138841F3D894000A11364 /* LoginWithCarytaController.swift */ = {isa = PBXFileReference; fileEncoding = 4; lastKnownFileType = sourcecode.swift; path = LoginWithCarytaController.swift; sourceTree = "<group>"; };
		0F8526001EEE49EC00FAC280 /* Caryta Messenger-Bridging-Header.h */ = {isa = PBXFileReference; lastKnownFileType = sourcecode.c.h; path = "Caryta Messenger-Bridging-Header.h"; sourceTree = "<group>"; };
		0F87DCAF1F5547D900C64EE2 /* PopUpListDialController.swift */ = {isa = PBXFileReference; fileEncoding = 4; lastKnownFileType = sourcecode.swift; path = PopUpListDialController.swift; sourceTree = "<group>"; };
		0F87DCB21F55489700C64EE2 /* PopUpListDialCell.swift */ = {isa = PBXFileReference; fileEncoding = 4; lastKnownFileType = sourcecode.swift; path = PopUpListDialCell.swift; sourceTree = "<group>"; };
		0F98E3221EF8D7360094EF68 /* CloudKit.framework */ = {isa = PBXFileReference; lastKnownFileType = wrapper.framework; name = CloudKit.framework; path = System/Library/Frameworks/CloudKit.framework; sourceTree = SDKROOT; };
		0FA99DB81F6ECDC800ECD012 /* StoryCell.swift */ = {isa = PBXFileReference; fileEncoding = 4; lastKnownFileType = sourcecode.swift; path = StoryCell.swift; sourceTree = "<group>"; };
		0FA99DBA1F6EEC9A00ECD012 /* CreateStoryController.swift */ = {isa = PBXFileReference; fileEncoding = 4; lastKnownFileType = sourcecode.swift; path = CreateStoryController.swift; sourceTree = "<group>"; };
		0FCF30C91EF23F8100CFF78B /* WritePostController.swift */ = {isa = PBXFileReference; fileEncoding = 4; lastKnownFileType = sourcecode.swift; path = WritePostController.swift; sourceTree = "<group>"; };
		0FCF30CB1EF2663100CFF78B /* PopUpKomentarController.swift */ = {isa = PBXFileReference; fileEncoding = 4; lastKnownFileType = sourcecode.swift; path = PopUpKomentarController.swift; sourceTree = "<group>"; };
		0FCF30CD1EF2686B00CFF78B /* HomeController.swift */ = {isa = PBXFileReference; fileEncoding = 4; lastKnownFileType = sourcecode.swift; path = HomeController.swift; sourceTree = "<group>"; };
		0FCF30CF1EF2768400CFF78B /* TimelineCell.swift */ = {isa = PBXFileReference; fileEncoding = 4; lastKnownFileType = sourcecode.swift; path = TimelineCell.swift; sourceTree = "<group>"; };
		0FCF30D11EF2771D00CFF78B /* CommentCell.swift */ = {isa = PBXFileReference; fileEncoding = 4; lastKnownFileType = sourcecode.swift; path = CommentCell.swift; sourceTree = "<group>"; };
		0FCF30D31EF282BB00CFF78B /* ProfilController.swift */ = {isa = PBXFileReference; fileEncoding = 4; lastKnownFileType = sourcecode.swift; path = ProfilController.swift; sourceTree = "<group>"; };
		2BB4AD999016DB7E9C2615C2 /* Pods_Caryta_Messenger.framework */ = {isa = PBXFileReference; explicitFileType = wrapper.framework; includeInIndex = 0; path = Pods_Caryta_Messenger.framework; sourceTree = BUILT_PRODUCTS_DIR; };
		61F21453F4B8E8EB59DBBC34 /* Pods-Caryta MessengerTests.debug.xcconfig */ = {isa = PBXFileReference; includeInIndex = 1; lastKnownFileType = text.xcconfig; name = "Pods-Caryta MessengerTests.debug.xcconfig"; path = "Pods/Target Support Files/Pods-Caryta MessengerTests/Pods-Caryta MessengerTests.debug.xcconfig"; sourceTree = "<group>"; };
		6E67553789C3A38D9F44BB72 /* Pods-Caryta Messenger.debug.xcconfig */ = {isa = PBXFileReference; includeInIndex = 1; lastKnownFileType = text.xcconfig; name = "Pods-Caryta Messenger.debug.xcconfig"; path = "Pods/Target Support Files/Pods-Caryta Messenger/Pods-Caryta Messenger.debug.xcconfig"; sourceTree = "<group>"; };
		7B2AFB181ECD7579007033C5 /* Caryta Messenger.entitlements */ = {isa = PBXFileReference; lastKnownFileType = text.plist.entitlements; path = "Caryta Messenger.entitlements"; sourceTree = "<group>"; };
		7B2AFB191ECD81E4007033C5 /* AudioToolbox.framework */ = {isa = PBXFileReference; lastKnownFileType = wrapper.framework; name = AudioToolbox.framework; path = System/Library/Frameworks/AudioToolbox.framework; sourceTree = SDKROOT; };
		7B5552371ECA93B700D50B4D /* Caryta Messenger.app */ = {isa = PBXFileReference; explicitFileType = wrapper.application; includeInIndex = 0; path = "Caryta Messenger.app"; sourceTree = BUILT_PRODUCTS_DIR; };
		7B55523A1ECA93B700D50B4D /* AppDelegate.swift */ = {isa = PBXFileReference; lastKnownFileType = sourcecode.swift; path = AppDelegate.swift; sourceTree = "<group>"; };
		7B5552411ECA93B700D50B4D /* Assets.xcassets */ = {isa = PBXFileReference; lastKnownFileType = folder.assetcatalog; path = Assets.xcassets; sourceTree = "<group>"; };
		7B5552441ECA93B700D50B4D /* Base */ = {isa = PBXFileReference; lastKnownFileType = file.storyboard; name = Base; path = Base.lproj/LaunchScreen.storyboard; sourceTree = "<group>"; };
		7B5552461ECA93B700D50B4D /* Info.plist */ = {isa = PBXFileReference; lastKnownFileType = text.plist.xml; path = Info.plist; sourceTree = "<group>"; };
		7B55524B1ECA93B700D50B4D /* Caryta MessengerTests.xctest */ = {isa = PBXFileReference; explicitFileType = wrapper.cfbundle; includeInIndex = 0; path = "Caryta MessengerTests.xctest"; sourceTree = BUILT_PRODUCTS_DIR; };
		7B55524F1ECA93B700D50B4D /* Caryta_MessengerTests.swift */ = {isa = PBXFileReference; lastKnownFileType = sourcecode.swift; path = Caryta_MessengerTests.swift; sourceTree = "<group>"; };
		7B5552511ECA93B700D50B4D /* Info.plist */ = {isa = PBXFileReference; lastKnownFileType = text.plist.xml; path = Info.plist; sourceTree = "<group>"; };
		7B5552561ECA93B700D50B4D /* Caryta MessengerUITests.xctest */ = {isa = PBXFileReference; explicitFileType = wrapper.cfbundle; includeInIndex = 0; path = "Caryta MessengerUITests.xctest"; sourceTree = BUILT_PRODUCTS_DIR; };
		7B55525A1ECA93B700D50B4D /* Caryta_MessengerUITests.swift */ = {isa = PBXFileReference; lastKnownFileType = sourcecode.swift; path = Caryta_MessengerUITests.swift; sourceTree = "<group>"; };
		7B55525C1ECA93B700D50B4D /* Info.plist */ = {isa = PBXFileReference; lastKnownFileType = text.plist.xml; path = Info.plist; sourceTree = "<group>"; };
		7BB371071ECC052F005B1B64 /* UIView+Borders.swift */ = {isa = PBXFileReference; fileEncoding = 4; lastKnownFileType = sourcecode.swift; path = "UIView+Borders.swift"; sourceTree = "<group>"; };
		7BD283BF1ED014F40009F755 /* GoogleService-Info.plist */ = {isa = PBXFileReference; fileEncoding = 4; lastKnownFileType = text.plist.xml; name = "GoogleService-Info.plist"; path = "../../Downloads/GoogleService-Info.plist"; sourceTree = "<group>"; };
		7BF9244D1ED2CFEA00F89183 /* model.swift */ = {isa = PBXFileReference; fileEncoding = 4; lastKnownFileType = sourcecode.swift; path = model.swift; sourceTree = "<group>"; };
		7BF9244F1ED2D06B00F89183 /* Global.swift */ = {isa = PBXFileReference; fileEncoding = 4; lastKnownFileType = sourcecode.swift; path = Global.swift; sourceTree = "<group>"; };
		A4ECE9C80025954618005CCC /* Pods_Caryta_MessengerUITests.framework */ = {isa = PBXFileReference; explicitFileType = wrapper.framework; includeInIndex = 0; path = Pods_Caryta_MessengerUITests.framework; sourceTree = BUILT_PRODUCTS_DIR; };
		AFAF9241DD79593FDE75D9C9 /* Pods_Caryta_MessengerTests.framework */ = {isa = PBXFileReference; explicitFileType = wrapper.framework; includeInIndex = 0; path = Pods_Caryta_MessengerTests.framework; sourceTree = BUILT_PRODUCTS_DIR; };
		CAD568A09B3A9562C796798F /* Pods-Caryta Messenger.release.xcconfig */ = {isa = PBXFileReference; includeInIndex = 1; lastKnownFileType = text.xcconfig; name = "Pods-Caryta Messenger.release.xcconfig"; path = "Pods/Target Support Files/Pods-Caryta Messenger/Pods-Caryta Messenger.release.xcconfig"; sourceTree = "<group>"; };
		D7107B0AE8B87109A3AB4234 /* Pods-Caryta MessengerTests.release.xcconfig */ = {isa = PBXFileReference; includeInIndex = 1; lastKnownFileType = text.xcconfig; name = "Pods-Caryta MessengerTests.release.xcconfig"; path = "Pods/Target Support Files/Pods-Caryta MessengerTests/Pods-Caryta MessengerTests.release.xcconfig"; sourceTree = "<group>"; };
		DFDDE7E0184C6CACAD6A2E8D /* Pods-Caryta MessengerUITests.release.xcconfig */ = {isa = PBXFileReference; includeInIndex = 1; lastKnownFileType = text.xcconfig; name = "Pods-Caryta MessengerUITests.release.xcconfig"; path = "Pods/Target Support Files/Pods-Caryta MessengerUITests/Pods-Caryta MessengerUITests.release.xcconfig"; sourceTree = "<group>"; };
		F28460020756379277008CCB /* Pods-Caryta MessengerUITests.debug.xcconfig */ = {isa = PBXFileReference; includeInIndex = 1; lastKnownFileType = text.xcconfig; name = "Pods-Caryta MessengerUITests.debug.xcconfig"; path = "Pods/Target Support Files/Pods-Caryta MessengerUITests/Pods-Caryta MessengerUITests.debug.xcconfig"; sourceTree = "<group>"; };
/* End PBXFileReference section */

/* Begin PBXFrameworksBuildPhase section */
		7B5552341ECA93B700D50B4D /* Frameworks */ = {
			isa = PBXFrameworksBuildPhase;
			buildActionMask = 2147483647;
			files = (
				0F98E3231EF8D7360094EF68 /* CloudKit.framework in Frameworks */,
				18FF7A09FCD34A20C07151E8 /* Pods_Caryta_Messenger.framework in Frameworks */,
				7B2AFB1A1ECD81E4007033C5 /* AudioToolbox.framework in Frameworks */,
			);
			runOnlyForDeploymentPostprocessing = 0;
		};
		7B5552481ECA93B700D50B4D /* Frameworks */ = {
			isa = PBXFrameworksBuildPhase;
			buildActionMask = 2147483647;
			files = (
				A93623FF152921F13A92C992 /* Pods_Caryta_MessengerTests.framework in Frameworks */,
			);
			runOnlyForDeploymentPostprocessing = 0;
		};
		7B5552531ECA93B700D50B4D /* Frameworks */ = {
			isa = PBXFrameworksBuildPhase;
			buildActionMask = 2147483647;
			files = (
				6512CC38CFFF11887C9B9A61 /* Pods_Caryta_MessengerUITests.framework in Frameworks */,
			);
			runOnlyForDeploymentPostprocessing = 0;
		};
/* End PBXFrameworksBuildPhase section */

/* Begin PBXGroup section */
		2B986E07D51CAE76F07439DD /* Pods */ = {
			isa = PBXGroup;
			children = (
				6E67553789C3A38D9F44BB72 /* Pods-Caryta Messenger.debug.xcconfig */,
				CAD568A09B3A9562C796798F /* Pods-Caryta Messenger.release.xcconfig */,
				61F21453F4B8E8EB59DBBC34 /* Pods-Caryta MessengerTests.debug.xcconfig */,
				D7107B0AE8B87109A3AB4234 /* Pods-Caryta MessengerTests.release.xcconfig */,
				F28460020756379277008CCB /* Pods-Caryta MessengerUITests.debug.xcconfig */,
				DFDDE7E0184C6CACAD6A2E8D /* Pods-Caryta MessengerUITests.release.xcconfig */,
			);
			name = Pods;
			sourceTree = "<group>";
		};
		7B2AFB1B1ECD8AD9007033C5 /* News */ = {
			isa = PBXGroup;
			children = (
				0FA99DBA1F6EEC9A00ECD012 /* CreateStoryController.swift */,
				0F1857791F39A93E00594433 /* DetailBeritaController.swift */,
				0FCF30CD1EF2686B00CFF78B /* HomeController.swift */,
				0F584F771F702C3E00EDC1CB /* MainStoryController.swift */,
				0FCF30CB1EF2663100CFF78B /* PopUpKomentarController.swift */,
				0FCF30C91EF23F8100CFF78B /* WritePostController.swift */,
			);
			name = News;
			sourceTree = "<group>";
		};
		7B55522E1ECA93B700D50B4D = {
			isa = PBXGroup;
			children = (
				7B5552391ECA93B700D50B4D /* Caryta Messenger */,
				7B55524E1ECA93B700D50B4D /* Caryta MessengerTests */,
				7B5552591ECA93B700D50B4D /* Caryta MessengerUITests */,
				7B5552381ECA93B700D50B4D /* Products */,
				2B986E07D51CAE76F07439DD /* Pods */,
				9DC8703F157BFE44635B08AB /* Frameworks */,
			);
			sourceTree = "<group>";
		};
		7B5552381ECA93B700D50B4D /* Products */ = {
			isa = PBXGroup;
			children = (
				7B5552371ECA93B700D50B4D /* Caryta Messenger.app */,
				7B55524B1ECA93B700D50B4D /* Caryta MessengerTests.xctest */,
				7B5552561ECA93B700D50B4D /* Caryta MessengerUITests.xctest */,
			);
			name = Products;
			sourceTree = "<group>";
		};
		7B5552391ECA93B700D50B4D /* Caryta Messenger */ = {
			isa = PBXGroup;
			children = (
				7B55526A1ECABA3600D50B4D /* Cell */,
				7B55526F1ECAE7E400D50B4D /* Chat */,
				7B5552721ECAE81400D50B4D /* Common */,
				7B5552701ECAE7F900D50B4D /* Config */,
				7BF9244C1ED2CFBF00F89183 /* Database */,
				7BB3710F1ECC8AD1005B1B64 /* Kontak */,
				7B2AFB1B1ECD8AD9007033C5 /* News */,
				7B5552781ECB042F00D50B4D /* Profil */,
				7B5552711ECAE80500D50B4D /* StoryBoard */,
				7B5552731ECAE82E00D50B4D /* Telepon */,
			);
			path = "Caryta Messenger";
			sourceTree = "<group>";
		};
		7B55524E1ECA93B700D50B4D /* Caryta MessengerTests */ = {
			isa = PBXGroup;
			children = (
				7B55524F1ECA93B700D50B4D /* Caryta_MessengerTests.swift */,
				7B5552511ECA93B700D50B4D /* Info.plist */,
			);
			path = "Caryta MessengerTests";
			sourceTree = "<group>";
		};
		7B5552591ECA93B700D50B4D /* Caryta MessengerUITests */ = {
			isa = PBXGroup;
			children = (
				7B55525A1ECA93B700D50B4D /* Caryta_MessengerUITests.swift */,
				7B55525C1ECA93B700D50B4D /* Info.plist */,
			);
			path = "Caryta MessengerUITests";
			sourceTree = "<group>";
		};
		7B55526A1ECABA3600D50B4D /* Cell */ = {
			isa = PBXGroup;
			children = (
				0F87DCB21F55489700C64EE2 /* PopUpListDialCell.swift */,
				0FCF30D11EF2771D00CFF78B /* CommentCell.swift */,
				0F0B83B61EF11CB3009E8B31 /* DetailChatCell.swift */,
				0F5AE2EC1EF4E72C00B91B9E /* KontakHeaderCell.swift */,
				0F03F9711EEFF33B003D5B94 /* ListChatCell.swift */,
				0F03F9751EEFF4DC003D5B94 /* ListKontakCell.swift */,
				0F03F96D1EEFF126003D5B94 /* ListPhoneCell.swift */,
				0F1857771F399C3200594433 /* NewsCell.swift */,
				0FCF30CF1EF2768400CFF78B /* TimelineCell.swift */,
				0FA99DB81F6ECDC800ECD012 /* StoryCell.swift */,
				0F584F791F702C9900EDC1CB /* MyStoryCell.swift */,
			);
			name = Cell;
			sourceTree = "<group>";
		};
		7B55526F1ECAE7E400D50B4D /* Chat */ = {
			isa = PBXGroup;
			children = (
				0F0B83B41EF11331009E8B31 /* DetailChatController.swift */,
				0F03F96F1EEFF2AC003D5B94 /* ListChatController.swift */,
			);
			name = Chat;
			sourceTree = "<group>";
		};
		7B5552701ECAE7F900D50B4D /* Config */ = {
			isa = PBXGroup;
			children = (
				7B2AFB181ECD7579007033C5 /* Caryta Messenger.entitlements */,
				0F8526001EEE49EC00FAC280 /* Caryta Messenger-Bridging-Header.h */,
				7BD283BF1ED014F40009F755 /* GoogleService-Info.plist */,
				7B5552461ECA93B700D50B4D /* Info.plist */,
				7B55523A1ECA93B700D50B4D /* AppDelegate.swift */,
				7BB371071ECC052F005B1B64 /* UIView+Borders.swift */,
				7B5552411ECA93B700D50B4D /* Assets.xcassets */,
			);
			name = Config;
			sourceTree = "<group>";
		};
		7B5552711ECAE80500D50B4D /* StoryBoard */ = {
			isa = PBXGroup;
			children = (
				0F03F9661EEFC308003D5B94 /* NewMain.storyboard */,
				7B5552431ECA93B700D50B4D /* LaunchScreen.storyboard */,
			);
			name = StoryBoard;
			sourceTree = "<group>";
		};
		7B5552721ECAE81400D50B4D /* Common */ = {
			isa = PBXGroup;
			children = (
				0F7C1AB01F3C5C4800079334 /* DataDiriController.swift */,
				0F7C1AAC1F3C3C9F00079334 /* FirstController.swift */,
				0F7C1AB21F3C643D00079334 /* LoginController.swift */,
				0F8138841F3D894000A11364 /* LoginWithCarytaController.swift */,
				0F87DCAF1F5547D900C64EE2 /* PopUpListDialController.swift */,
				0F7C1AAE1F3C4B0F00079334 /* KodeVerifController.swift */,
				0F03F9691EEFE8B9003D5B94 /* MenuBarController.swift */,
			);
			name = Common;
			sourceTree = "<group>";
		};
		7B5552731ECAE82E00D50B4D /* Telepon */ = {
			isa = PBXGroup;
			children = (
				0F03F96B1EEFF058003D5B94 /* ListTeleponController.swift */,
			);
			name = Telepon;
			sourceTree = "<group>";
		};
		7B5552781ECB042F00D50B4D /* Profil */ = {
			isa = PBXGroup;
			children = (
				0F5AE2EE1EF511DD00B91B9E /* PopUpUbahDataController.swift */,
				0FCF30D31EF282BB00CFF78B /* ProfilController.swift */,
			);
			name = Profil;
			sourceTree = "<group>";
		};
		7BB3710F1ECC8AD1005B1B64 /* Kontak */ = {
			isa = PBXGroup;
			children = (
				0F03F9731EEFF488003D5B94 /* ListKontakController.swift */,
			);
			name = Kontak;
			sourceTree = "<group>";
		};
		7BF9244C1ED2CFBF00F89183 /* Database */ = {
			isa = PBXGroup;
			children = (
				7BF9244F1ED2D06B00F89183 /* Global.swift */,
				7BF9244D1ED2CFEA00F89183 /* model.swift */,
			);
			name = Database;
			sourceTree = "<group>";
		};
		9DC8703F157BFE44635B08AB /* Frameworks */ = {
			isa = PBXGroup;
			children = (
				0F98E3221EF8D7360094EF68 /* CloudKit.framework */,
				7B2AFB191ECD81E4007033C5 /* AudioToolbox.framework */,
				2BB4AD999016DB7E9C2615C2 /* Pods_Caryta_Messenger.framework */,
				AFAF9241DD79593FDE75D9C9 /* Pods_Caryta_MessengerTests.framework */,
				A4ECE9C80025954618005CCC /* Pods_Caryta_MessengerUITests.framework */,
			);
			name = Frameworks;
			sourceTree = "<group>";
		};
/* End PBXGroup section */

/* Begin PBXNativeTarget section */
		7B5552361ECA93B700D50B4D /* Caryta Messenger */ = {
			isa = PBXNativeTarget;
			buildConfigurationList = 7B55525F1ECA93B700D50B4D /* Build configuration list for PBXNativeTarget "Caryta Messenger" */;
			buildPhases = (
				38F83198963DBE79530B2C0C /* [CP] Check Pods Manifest.lock */,
				7B5552331ECA93B700D50B4D /* Sources */,
				7B5552341ECA93B700D50B4D /* Frameworks */,
				7B5552351ECA93B700D50B4D /* Resources */,
				B354104D13B24DCAC7204C88 /* [CP] Embed Pods Frameworks */,
				3A582A09FC7D0EA2554EC698 /* [CP] Copy Pods Resources */,
			);
			buildRules = (
			);
			dependencies = (
			);
			name = "Caryta Messenger";
			productName = "Caryta Messenger";
			productReference = 7B5552371ECA93B700D50B4D /* Caryta Messenger.app */;
			productType = "com.apple.product-type.application";
		};
		7B55524A1ECA93B700D50B4D /* Caryta MessengerTests */ = {
			isa = PBXNativeTarget;
			buildConfigurationList = 7B5552621ECA93B700D50B4D /* Build configuration list for PBXNativeTarget "Caryta MessengerTests" */;
			buildPhases = (
				E82B97B0BD5B4CB528228525 /* [CP] Check Pods Manifest.lock */,
				7B5552471ECA93B700D50B4D /* Sources */,
				7B5552481ECA93B700D50B4D /* Frameworks */,
				7B5552491ECA93B700D50B4D /* Resources */,
				443C50178FA83D363F729AAC /* [CP] Embed Pods Frameworks */,
				AECEDDE994D0CF994FE1ED72 /* [CP] Copy Pods Resources */,
			);
			buildRules = (
			);
			dependencies = (
				7B55524D1ECA93B700D50B4D /* PBXTargetDependency */,
			);
			name = "Caryta MessengerTests";
			productName = "Caryta MessengerTests";
			productReference = 7B55524B1ECA93B700D50B4D /* Caryta MessengerTests.xctest */;
			productType = "com.apple.product-type.bundle.unit-test";
		};
		7B5552551ECA93B700D50B4D /* Caryta MessengerUITests */ = {
			isa = PBXNativeTarget;
			buildConfigurationList = 7B5552651ECA93B700D50B4D /* Build configuration list for PBXNativeTarget "Caryta MessengerUITests" */;
			buildPhases = (
				9AC6ED90A6CB7440445F0DEC /* [CP] Check Pods Manifest.lock */,
				7B5552521ECA93B700D50B4D /* Sources */,
				7B5552531ECA93B700D50B4D /* Frameworks */,
				7B5552541ECA93B700D50B4D /* Resources */,
				32511051D0C971DE13AAF205 /* [CP] Embed Pods Frameworks */,
				6D2FB89D1EC8E4E1CD7BC163 /* [CP] Copy Pods Resources */,
			);
			buildRules = (
			);
			dependencies = (
				7B5552581ECA93B700D50B4D /* PBXTargetDependency */,
			);
			name = "Caryta MessengerUITests";
			productName = "Caryta MessengerUITests";
			productReference = 7B5552561ECA93B700D50B4D /* Caryta MessengerUITests.xctest */;
			productType = "com.apple.product-type.bundle.ui-testing";
		};
/* End PBXNativeTarget section */

/* Begin PBXProject section */
		7B55522F1ECA93B700D50B4D /* Project object */ = {
			isa = PBXProject;
			attributes = {
				LastSwiftUpdateCheck = 0830;
				LastUpgradeCheck = 0830;
				ORGANIZATIONNAME = Caryta;
				TargetAttributes = {
					7B5552361ECA93B700D50B4D = {
						CreatedOnToolsVersion = 8.3.2;
						DevelopmentTeam = PXA5BJAM6Y;
						LastSwiftMigration = 0830;
						ProvisioningStyle = Automatic;
						SystemCapabilities = {
							com.apple.BackgroundModes = {
								enabled = 1;
							};
							com.apple.InterAppAudio = {
								enabled = 1;
							};
							com.apple.Keychain = {
								enabled = 1;
							};
							com.apple.Push = {
								enabled = 1;
							};
							com.apple.iCloud = {
								enabled = 1;
							};
						};
					};
					7B55524A1ECA93B700D50B4D = {
						CreatedOnToolsVersion = 8.3.2;
						ProvisioningStyle = Automatic;
						TestTargetID = 7B5552361ECA93B700D50B4D;
					};
					7B5552551ECA93B700D50B4D = {
						CreatedOnToolsVersion = 8.3.2;
						ProvisioningStyle = Automatic;
						TestTargetID = 7B5552361ECA93B700D50B4D;
					};
				};
			};
			buildConfigurationList = 7B5552321ECA93B700D50B4D /* Build configuration list for PBXProject "Caryta Messenger" */;
			compatibilityVersion = "Xcode 3.2";
			developmentRegion = English;
			hasScannedForEncodings = 0;
			knownRegions = (
				en,
				Base,
			);
			mainGroup = 7B55522E1ECA93B700D50B4D;
			productRefGroup = 7B5552381ECA93B700D50B4D /* Products */;
			projectDirPath = "";
			projectRoot = "";
			targets = (
				7B5552361ECA93B700D50B4D /* Caryta Messenger */,
				7B55524A1ECA93B700D50B4D /* Caryta MessengerTests */,
				7B5552551ECA93B700D50B4D /* Caryta MessengerUITests */,
			);
		};
/* End PBXProject section */

/* Begin PBXResourcesBuildPhase section */
		7B5552351ECA93B700D50B4D /* Resources */ = {
			isa = PBXResourcesBuildPhase;
			buildActionMask = 2147483647;
			files = (
				7B5552451ECA93B700D50B4D /* LaunchScreen.storyboard in Resources */,
				0F03F9671EEFC308003D5B94 /* NewMain.storyboard in Resources */,
				7BD283C01ED014F40009F755 /* GoogleService-Info.plist in Resources */,
				7B5552421ECA93B700D50B4D /* Assets.xcassets in Resources */,
			);
			runOnlyForDeploymentPostprocessing = 0;
		};
		7B5552491ECA93B700D50B4D /* Resources */ = {
			isa = PBXResourcesBuildPhase;
			buildActionMask = 2147483647;
			files = (
			);
			runOnlyForDeploymentPostprocessing = 0;
		};
		7B5552541ECA93B700D50B4D /* Resources */ = {
			isa = PBXResourcesBuildPhase;
			buildActionMask = 2147483647;
			files = (
			);
			runOnlyForDeploymentPostprocessing = 0;
		};
/* End PBXResourcesBuildPhase section */

/* Begin PBXShellScriptBuildPhase section */
		32511051D0C971DE13AAF205 /* [CP] Embed Pods Frameworks */ = {
			isa = PBXShellScriptBuildPhase;
			buildActionMask = 2147483647;
			files = (
			);
			inputPaths = (
			);
			name = "[CP] Embed Pods Frameworks";
			outputPaths = (
			);
			runOnlyForDeploymentPostprocessing = 0;
			shellPath = /bin/sh;
			shellScript = "\"${SRCROOT}/Pods/Target Support Files/Pods-Caryta MessengerUITests/Pods-Caryta MessengerUITests-frameworks.sh\"\n";
			showEnvVarsInLog = 0;
		};
		38F83198963DBE79530B2C0C /* [CP] Check Pods Manifest.lock */ = {
			isa = PBXShellScriptBuildPhase;
			buildActionMask = 2147483647;
			files = (
			);
			inputPaths = (
			);
			name = "[CP] Check Pods Manifest.lock";
			outputPaths = (
			);
			runOnlyForDeploymentPostprocessing = 0;
			shellPath = /bin/sh;
			shellScript = "diff \"${PODS_PODFILE_DIR_PATH}/Podfile.lock\" \"${PODS_ROOT}/Manifest.lock\" > /dev/null\nif [ $? != 0 ] ; then\n    # print error to STDERR\n    echo \"error: The sandbox is not in sync with the Podfile.lock. Run 'pod install' or update your CocoaPods installation.\" >&2\n    exit 1\nfi\n";
			showEnvVarsInLog = 0;
		};
		3A582A09FC7D0EA2554EC698 /* [CP] Copy Pods Resources */ = {
			isa = PBXShellScriptBuildPhase;
			buildActionMask = 2147483647;
			files = (
			);
			inputPaths = (
			);
			name = "[CP] Copy Pods Resources";
			outputPaths = (
			);
			runOnlyForDeploymentPostprocessing = 0;
			shellPath = /bin/sh;
			shellScript = "\"${SRCROOT}/Pods/Target Support Files/Pods-Caryta Messenger/Pods-Caryta Messenger-resources.sh\"\n";
			showEnvVarsInLog = 0;
		};
		443C50178FA83D363F729AAC /* [CP] Embed Pods Frameworks */ = {
			isa = PBXShellScriptBuildPhase;
			buildActionMask = 2147483647;
			files = (
			);
			inputPaths = (
			);
			name = "[CP] Embed Pods Frameworks";
			outputPaths = (
			);
			runOnlyForDeploymentPostprocessing = 0;
			shellPath = /bin/sh;
			shellScript = "\"${SRCROOT}/Pods/Target Support Files/Pods-Caryta MessengerTests/Pods-Caryta MessengerTests-frameworks.sh\"\n";
			showEnvVarsInLog = 0;
		};
		6D2FB89D1EC8E4E1CD7BC163 /* [CP] Copy Pods Resources */ = {
			isa = PBXShellScriptBuildPhase;
			buildActionMask = 2147483647;
			files = (
			);
			inputPaths = (
			);
			name = "[CP] Copy Pods Resources";
			outputPaths = (
			);
			runOnlyForDeploymentPostprocessing = 0;
			shellPath = /bin/sh;
			shellScript = "\"${SRCROOT}/Pods/Target Support Files/Pods-Caryta MessengerUITests/Pods-Caryta MessengerUITests-resources.sh\"\n";
			showEnvVarsInLog = 0;
		};
		9AC6ED90A6CB7440445F0DEC /* [CP] Check Pods Manifest.lock */ = {
			isa = PBXShellScriptBuildPhase;
			buildActionMask = 2147483647;
			files = (
			);
			inputPaths = (
			);
			name = "[CP] Check Pods Manifest.lock";
			outputPaths = (
			);
			runOnlyForDeploymentPostprocessing = 0;
			shellPath = /bin/sh;
			shellScript = "diff \"${PODS_PODFILE_DIR_PATH}/Podfile.lock\" \"${PODS_ROOT}/Manifest.lock\" > /dev/null\nif [ $? != 0 ] ; then\n    # print error to STDERR\n    echo \"error: The sandbox is not in sync with the Podfile.lock. Run 'pod install' or update your CocoaPods installation.\" >&2\n    exit 1\nfi\n";
			showEnvVarsInLog = 0;
		};
		AECEDDE994D0CF994FE1ED72 /* [CP] Copy Pods Resources */ = {
			isa = PBXShellScriptBuildPhase;
			buildActionMask = 2147483647;
			files = (
			);
			inputPaths = (
			);
			name = "[CP] Copy Pods Resources";
			outputPaths = (
			);
			runOnlyForDeploymentPostprocessing = 0;
			shellPath = /bin/sh;
			shellScript = "\"${SRCROOT}/Pods/Target Support Files/Pods-Caryta MessengerTests/Pods-Caryta MessengerTests-resources.sh\"\n";
			showEnvVarsInLog = 0;
		};
		B354104D13B24DCAC7204C88 /* [CP] Embed Pods Frameworks */ = {
			isa = PBXShellScriptBuildPhase;
			buildActionMask = 2147483647;
			files = (
			);
			inputPaths = (
			);
			name = "[CP] Embed Pods Frameworks";
			outputPaths = (
			);
			runOnlyForDeploymentPostprocessing = 0;
			shellPath = /bin/sh;
			shellScript = "\"${SRCROOT}/Pods/Target Support Files/Pods-Caryta Messenger/Pods-Caryta Messenger-frameworks.sh\"\n";
			showEnvVarsInLog = 0;
		};
		E82B97B0BD5B4CB528228525 /* [CP] Check Pods Manifest.lock */ = {
			isa = PBXShellScriptBuildPhase;
			buildActionMask = 2147483647;
			files = (
			);
			inputPaths = (
			);
			name = "[CP] Check Pods Manifest.lock";
			outputPaths = (
			);
			runOnlyForDeploymentPostprocessing = 0;
			shellPath = /bin/sh;
			shellScript = "diff \"${PODS_PODFILE_DIR_PATH}/Podfile.lock\" \"${PODS_ROOT}/Manifest.lock\" > /dev/null\nif [ $? != 0 ] ; then\n    # print error to STDERR\n    echo \"error: The sandbox is not in sync with the Podfile.lock. Run 'pod install' or update your CocoaPods installation.\" >&2\n    exit 1\nfi\n";
			showEnvVarsInLog = 0;
		};
/* End PBXShellScriptBuildPhase section */

/* Begin PBXSourcesBuildPhase section */
		7B5552331ECA93B700D50B4D /* Sources */ = {
			isa = PBXSourcesBuildPhase;
			buildActionMask = 2147483647;
			files = (
				0F87DCB01F5547D900C64EE2 /* PopUpListDialController.swift in Sources */,
				7BF924501ED2D06B00F89183 /* Global.swift in Sources */,
				0F87DCB31F55489700C64EE2 /* PopUpListDialCell.swift in Sources */,
				0FCF30CA1EF23F8100CFF78B /* WritePostController.swift in Sources */,
				0F5AE2EF1EF511DD00B91B9E /* PopUpUbahDataController.swift in Sources */,
				0F03F9741EEFF488003D5B94 /* ListKontakController.swift in Sources */,
				0F7C1AAD1F3C3C9F00079334 /* FirstController.swift in Sources */,
				0F03F9701EEFF2AC003D5B94 /* ListChatController.swift in Sources */,
				0FA99DB91F6ECDC800ECD012 /* StoryCell.swift in Sources */,
				0F03F96E1EEFF126003D5B94 /* ListPhoneCell.swift in Sources */,
				7BB371081ECC052F005B1B64 /* UIView+Borders.swift in Sources */,
				0FCF30D01EF2768400CFF78B /* TimelineCell.swift in Sources */,
				0F7C1AB11F3C5C4800079334 /* DataDiriController.swift in Sources */,
				0F584F781F702C3E00EDC1CB /* MainStoryController.swift in Sources */,
				0F8138851F3D894000A11364 /* LoginWithCarytaController.swift in Sources */,
				0F18577A1F39A93E00594433 /* DetailBeritaController.swift in Sources */,
				0FA99DBB1F6EEC9B00ECD012 /* CreateStoryController.swift in Sources */,
				0F03F96A1EEFE8B9003D5B94 /* MenuBarController.swift in Sources */,
				0F5AE2ED1EF4E72C00B91B9E /* KontakHeaderCell.swift in Sources */,
				0FCF30CC1EF2663100CFF78B /* PopUpKomentarController.swift in Sources */,
				0F03F9721EEFF33B003D5B94 /* ListChatCell.swift in Sources */,
				0F0B83B51EF11331009E8B31 /* DetailChatController.swift in Sources */,
				0F03F9761EEFF4DC003D5B94 /* ListKontakCell.swift in Sources */,
				7BF9244E1ED2CFEA00F89183 /* model.swift in Sources */,
				0F0B83B71EF11CB3009E8B31 /* DetailChatCell.swift in Sources */,
				0F7C1AAF1F3C4B0F00079334 /* KodeVerifController.swift in Sources */,
				0FCF30D41EF282BB00CFF78B /* ProfilController.swift in Sources */,
				7B55523B1ECA93B700D50B4D /* AppDelegate.swift in Sources */,
				0F1857781F399C3200594433 /* NewsCell.swift in Sources */,
				0F7C1AB31F3C643D00079334 /* LoginController.swift in Sources */,
				0FCF30CE1EF2686B00CFF78B /* HomeController.swift in Sources */,
				0F584F7A1F702C9900EDC1CB /* MyStoryCell.swift in Sources */,
				0FCF30D21EF2771D00CFF78B /* CommentCell.swift in Sources */,
				0F03F96C1EEFF058003D5B94 /* ListTeleponController.swift in Sources */,
			);
			runOnlyForDeploymentPostprocessing = 0;
		};
		7B5552471ECA93B700D50B4D /* Sources */ = {
			isa = PBXSourcesBuildPhase;
			buildActionMask = 2147483647;
			files = (
				7B5552501ECA93B700D50B4D /* Caryta_MessengerTests.swift in Sources */,
			);
			runOnlyForDeploymentPostprocessing = 0;
		};
		7B5552521ECA93B700D50B4D /* Sources */ = {
			isa = PBXSourcesBuildPhase;
			buildActionMask = 2147483647;
			files = (
				7B55525B1ECA93B700D50B4D /* Caryta_MessengerUITests.swift in Sources */,
			);
			runOnlyForDeploymentPostprocessing = 0;
		};
/* End PBXSourcesBuildPhase section */

/* Begin PBXTargetDependency section */
		7B55524D1ECA93B700D50B4D /* PBXTargetDependency */ = {
			isa = PBXTargetDependency;
			target = 7B5552361ECA93B700D50B4D /* Caryta Messenger */;
			targetProxy = 7B55524C1ECA93B700D50B4D /* PBXContainerItemProxy */;
		};
		7B5552581ECA93B700D50B4D /* PBXTargetDependency */ = {
			isa = PBXTargetDependency;
			target = 7B5552361ECA93B700D50B4D /* Caryta Messenger */;
			targetProxy = 7B5552571ECA93B700D50B4D /* PBXContainerItemProxy */;
		};
/* End PBXTargetDependency section */

/* Begin PBXVariantGroup section */
		7B5552431ECA93B700D50B4D /* LaunchScreen.storyboard */ = {
			isa = PBXVariantGroup;
			children = (
				7B5552441ECA93B700D50B4D /* Base */,
			);
			name = LaunchScreen.storyboard;
			sourceTree = "<group>";
		};
/* End PBXVariantGroup section */

/* Begin XCBuildConfiguration section */
		7B55525D1ECA93B700D50B4D /* Debug */ = {
			isa = XCBuildConfiguration;
			buildSettings = {
				ALWAYS_SEARCH_USER_PATHS = NO;
				CLANG_ANALYZER_NONNULL = YES;
				CLANG_ANALYZER_NUMBER_OBJECT_CONVERSION = YES_AGGRESSIVE;
				CLANG_CXX_LANGUAGE_STANDARD = "gnu++0x";
				CLANG_CXX_LIBRARY = "libc++";
				CLANG_ENABLE_MODULES = YES;
				CLANG_ENABLE_OBJC_ARC = YES;
				CLANG_WARN_BOOL_CONVERSION = YES;
				CLANG_WARN_CONSTANT_CONVERSION = YES;
				CLANG_WARN_DIRECT_OBJC_ISA_USAGE = YES_ERROR;
				CLANG_WARN_DOCUMENTATION_COMMENTS = YES;
				CLANG_WARN_EMPTY_BODY = YES;
				CLANG_WARN_ENUM_CONVERSION = YES;
				CLANG_WARN_INFINITE_RECURSION = YES;
				CLANG_WARN_INT_CONVERSION = YES;
				CLANG_WARN_OBJC_ROOT_CLASS = YES_ERROR;
				CLANG_WARN_SUSPICIOUS_MOVE = YES;
				CLANG_WARN_UNREACHABLE_CODE = YES;
				CLANG_WARN__DUPLICATE_METHOD_MATCH = YES;
				"CODE_SIGN_IDENTITY[sdk=iphoneos*]" = "iPhone Developer";
				COPY_PHASE_STRIP = NO;
				DEBUG_INFORMATION_FORMAT = dwarf;
				ENABLE_STRICT_OBJC_MSGSEND = YES;
				ENABLE_TESTABILITY = YES;
				GCC_C_LANGUAGE_STANDARD = gnu99;
				GCC_DYNAMIC_NO_PIC = NO;
				GCC_NO_COMMON_BLOCKS = YES;
				GCC_OPTIMIZATION_LEVEL = 0;
				GCC_PREPROCESSOR_DEFINITIONS = (
					"DEBUG=1",
					"$(inherited)",
				);
				GCC_WARN_64_TO_32_BIT_CONVERSION = YES;
				GCC_WARN_ABOUT_RETURN_TYPE = YES_ERROR;
				GCC_WARN_UNDECLARED_SELECTOR = YES;
				GCC_WARN_UNINITIALIZED_AUTOS = YES_AGGRESSIVE;
				GCC_WARN_UNUSED_FUNCTION = YES;
				GCC_WARN_UNUSED_VARIABLE = YES;
				IPHONEOS_DEPLOYMENT_TARGET = 10.3;
				MTL_ENABLE_DEBUG_INFO = YES;
				ONLY_ACTIVE_ARCH = YES;
				SDKROOT = iphoneos;
				SWIFT_ACTIVE_COMPILATION_CONDITIONS = DEBUG;
				SWIFT_OPTIMIZATION_LEVEL = "-Onone";
				TARGETED_DEVICE_FAMILY = "1,2";
			};
			name = Debug;
		};
		7B55525E1ECA93B700D50B4D /* Release */ = {
			isa = XCBuildConfiguration;
			buildSettings = {
				ALWAYS_SEARCH_USER_PATHS = NO;
				CLANG_ANALYZER_NONNULL = YES;
				CLANG_ANALYZER_NUMBER_OBJECT_CONVERSION = YES_AGGRESSIVE;
				CLANG_CXX_LANGUAGE_STANDARD = "gnu++0x";
				CLANG_CXX_LIBRARY = "libc++";
				CLANG_ENABLE_MODULES = YES;
				CLANG_ENABLE_OBJC_ARC = YES;
				CLANG_WARN_BOOL_CONVERSION = YES;
				CLANG_WARN_CONSTANT_CONVERSION = YES;
				CLANG_WARN_DIRECT_OBJC_ISA_USAGE = YES_ERROR;
				CLANG_WARN_DOCUMENTATION_COMMENTS = YES;
				CLANG_WARN_EMPTY_BODY = YES;
				CLANG_WARN_ENUM_CONVERSION = YES;
				CLANG_WARN_INFINITE_RECURSION = YES;
				CLANG_WARN_INT_CONVERSION = YES;
				CLANG_WARN_OBJC_ROOT_CLASS = YES_ERROR;
				CLANG_WARN_SUSPICIOUS_MOVE = YES;
				CLANG_WARN_UNREACHABLE_CODE = YES;
				CLANG_WARN__DUPLICATE_METHOD_MATCH = YES;
				"CODE_SIGN_IDENTITY[sdk=iphoneos*]" = "iPhone Developer";
				COPY_PHASE_STRIP = NO;
				DEBUG_INFORMATION_FORMAT = "dwarf-with-dsym";
				ENABLE_NS_ASSERTIONS = NO;
				ENABLE_STRICT_OBJC_MSGSEND = YES;
				GCC_C_LANGUAGE_STANDARD = gnu99;
				GCC_NO_COMMON_BLOCKS = YES;
				GCC_WARN_64_TO_32_BIT_CONVERSION = YES;
				GCC_WARN_ABOUT_RETURN_TYPE = YES_ERROR;
				GCC_WARN_UNDECLARED_SELECTOR = YES;
				GCC_WARN_UNINITIALIZED_AUTOS = YES_AGGRESSIVE;
				GCC_WARN_UNUSED_FUNCTION = YES;
				GCC_WARN_UNUSED_VARIABLE = YES;
				IPHONEOS_DEPLOYMENT_TARGET = 10.3;
				MTL_ENABLE_DEBUG_INFO = NO;
				SDKROOT = iphoneos;
				SWIFT_OPTIMIZATION_LEVEL = "-Owholemodule";
				TARGETED_DEVICE_FAMILY = "1,2";
				VALIDATE_PRODUCT = YES;
			};
			name = Release;
		};
		7B5552601ECA93B700D50B4D /* Debug */ = {
			isa = XCBuildConfiguration;
			baseConfigurationReference = 6E67553789C3A38D9F44BB72 /* Pods-Caryta Messenger.debug.xcconfig */;
			buildSettings = {
				ASSETCATALOG_COMPILER_APPICON_NAME = AppIcon;
				CLANG_ENABLE_MODULES = YES;
				CODE_SIGN_ENTITLEMENTS = "Caryta Messenger/Caryta Messenger.entitlements";
				"CODE_SIGN_IDENTITY[sdk=iphoneos*]" = "iPhone Developer";
				DEVELOPMENT_TEAM = PXA5BJAM6Y;
				INFOPLIST_FILE = "Caryta Messenger/Info.plist";
				IPHONEOS_DEPLOYMENT_TARGET = 9.3;
				LD_RUNPATH_SEARCH_PATHS = "$(inherited) @executable_path/Frameworks";
				PRODUCT_BUNDLE_IDENTIFIER = com.caryta.messenger;
				PRODUCT_NAME = "$(TARGET_NAME)";
				PROVISIONING_PROFILE_SPECIFIER = "";
				SWIFT_OBJC_BRIDGING_HEADER = "Caryta Messenger/Caryta Messenger-Bridging-Header.h";
				SWIFT_OPTIMIZATION_LEVEL = "-Onone";
				SWIFT_VERSION = 3.0;
			};
			name = Debug;
		};
		7B5552611ECA93B700D50B4D /* Release */ = {
			isa = XCBuildConfiguration;
			baseConfigurationReference = CAD568A09B3A9562C796798F /* Pods-Caryta Messenger.release.xcconfig */;
			buildSettings = {
				ASSETCATALOG_COMPILER_APPICON_NAME = AppIcon;
				CLANG_ENABLE_MODULES = YES;
				CODE_SIGN_ENTITLEMENTS = "Caryta Messenger/Caryta Messenger.entitlements";
				"CODE_SIGN_IDENTITY[sdk=iphoneos*]" = "iPhone Developer";
				DEVELOPMENT_TEAM = PXA5BJAM6Y;
				INFOPLIST_FILE = "Caryta Messenger/Info.plist";
				IPHONEOS_DEPLOYMENT_TARGET = 9.3;
				LD_RUNPATH_SEARCH_PATHS = "$(inherited) @executable_path/Frameworks";
				PRODUCT_BUNDLE_IDENTIFIER = com.caryta.messenger;
				PRODUCT_NAME = "$(TARGET_NAME)";
				PROVISIONING_PROFILE_SPECIFIER = "";
				SWIFT_OBJC_BRIDGING_HEADER = "Caryta Messenger/Caryta Messenger-Bridging-Header.h";
				SWIFT_VERSION = 3.0;
			};
			name = Release;
		};
		7B5552631ECA93B700D50B4D /* Debug */ = {
			isa = XCBuildConfiguration;
			baseConfigurationReference = 61F21453F4B8E8EB59DBBC34 /* Pods-Caryta MessengerTests.debug.xcconfig */;
			buildSettings = {
				ALWAYS_EMBED_SWIFT_STANDARD_LIBRARIES = YES;
				BUNDLE_LOADER = "$(TEST_HOST)";
				INFOPLIST_FILE = "Caryta MessengerTests/Info.plist";
				LD_RUNPATH_SEARCH_PATHS = "$(inherited) @executable_path/Frameworks @loader_path/Frameworks";
				PRODUCT_BUNDLE_IDENTIFIER = "com.caryta.Caryta-MessengerTests";
				PRODUCT_NAME = "$(TARGET_NAME)";
				SWIFT_VERSION = 3.0;
				TEST_HOST = "$(BUILT_PRODUCTS_DIR)/Caryta Messenger.app/Caryta Messenger";
			};
			name = Debug;
		};
		7B5552641ECA93B700D50B4D /* Release */ = {
			isa = XCBuildConfiguration;
			baseConfigurationReference = D7107B0AE8B87109A3AB4234 /* Pods-Caryta MessengerTests.release.xcconfig */;
			buildSettings = {
				ALWAYS_EMBED_SWIFT_STANDARD_LIBRARIES = YES;
				BUNDLE_LOADER = "$(TEST_HOST)";
				INFOPLIST_FILE = "Caryta MessengerTests/Info.plist";
				LD_RUNPATH_SEARCH_PATHS = "$(inherited) @executable_path/Frameworks @loader_path/Frameworks";
				PRODUCT_BUNDLE_IDENTIFIER = "com.caryta.Caryta-MessengerTests";
				PRODUCT_NAME = "$(TARGET_NAME)";
				SWIFT_VERSION = 3.0;
				TEST_HOST = "$(BUILT_PRODUCTS_DIR)/Caryta Messenger.app/Caryta Messenger";
			};
			name = Release;
		};
		7B5552661ECA93B700D50B4D /* Debug */ = {
			isa = XCBuildConfiguration;
			baseConfigurationReference = F28460020756379277008CCB /* Pods-Caryta MessengerUITests.debug.xcconfig */;
			buildSettings = {
				ALWAYS_EMBED_SWIFT_STANDARD_LIBRARIES = YES;
				INFOPLIST_FILE = "Caryta MessengerUITests/Info.plist";
				LD_RUNPATH_SEARCH_PATHS = "$(inherited) @executable_path/Frameworks @loader_path/Frameworks";
				PRODUCT_BUNDLE_IDENTIFIER = "com.caryta.Caryta-MessengerUITests";
				PRODUCT_NAME = "$(TARGET_NAME)";
				SWIFT_VERSION = 3.0;
				TEST_TARGET_NAME = "Caryta Messenger";
			};
			name = Debug;
		};
		7B5552671ECA93B700D50B4D /* Release */ = {
			isa = XCBuildConfiguration;
			baseConfigurationReference = DFDDE7E0184C6CACAD6A2E8D /* Pods-Caryta MessengerUITests.release.xcconfig */;
			buildSettings = {
				ALWAYS_EMBED_SWIFT_STANDARD_LIBRARIES = YES;
				INFOPLIST_FILE = "Caryta MessengerUITests/Info.plist";
				LD_RUNPATH_SEARCH_PATHS = "$(inherited) @executable_path/Frameworks @loader_path/Frameworks";
				PRODUCT_BUNDLE_IDENTIFIER = "com.caryta.Caryta-MessengerUITests";
				PRODUCT_NAME = "$(TARGET_NAME)";
				SWIFT_VERSION = 3.0;
				TEST_TARGET_NAME = "Caryta Messenger";
			};
			name = Release;
		};
/* End XCBuildConfiguration section */

/* Begin XCConfigurationList section */
		7B5552321ECA93B700D50B4D /* Build configuration list for PBXProject "Caryta Messenger" */ = {
			isa = XCConfigurationList;
			buildConfigurations = (
				7B55525D1ECA93B700D50B4D /* Debug */,
				7B55525E1ECA93B700D50B4D /* Release */,
			);
			defaultConfigurationIsVisible = 0;
			defaultConfigurationName = Release;
		};
		7B55525F1ECA93B700D50B4D /* Build configuration list for PBXNativeTarget "Caryta Messenger" */ = {
			isa = XCConfigurationList;
			buildConfigurations = (
				7B5552601ECA93B700D50B4D /* Debug */,
				7B5552611ECA93B700D50B4D /* Release */,
			);
			defaultConfigurationIsVisible = 0;
			defaultConfigurationName = Release;
		};
		7B5552621ECA93B700D50B4D /* Build configuration list for PBXNativeTarget "Caryta MessengerTests" */ = {
			isa = XCConfigurationList;
			buildConfigurations = (
				7B5552631ECA93B700D50B4D /* Debug */,
				7B5552641ECA93B700D50B4D /* Release */,
			);
			defaultConfigurationIsVisible = 0;
			defaultConfigurationName = Release;
		};
		7B5552651ECA93B700D50B4D /* Build configuration list for PBXNativeTarget "Caryta MessengerUITests" */ = {
			isa = XCConfigurationList;
			buildConfigurations = (
				7B5552661ECA93B700D50B4D /* Debug */,
				7B5552671ECA93B700D50B4D /* Release */,
			);
			defaultConfigurationIsVisible = 0;
			defaultConfigurationName = Release;
		};
/* End XCConfigurationList section */
	};
	rootObject = 7B55522F1ECA93B700D50B4D /* Project object */;
}
